// !$*UTF8*$!
{
	archiveVersion = 1;
	classes = {
	};
	objectVersion = 46;
	objects = {

/* Begin PBXBuildFile section */
		4514C63B19F1D8CD0006EB1D /* ConfigurationViewController.m in Sources */ = {isa = PBXBuildFile; fileRef = 4514C63A19F1D8CD0006EB1D /* ConfigurationViewController.m */; };
		4514C63E19F1D8EB0006EB1D /* AboutViewController.m in Sources */ = {isa = PBXBuildFile; fileRef = 4514C63D19F1D8EB0006EB1D /* AboutViewController.m */; };
		45B4248C19F1C61000D9B141 /* main.m in Sources */ = {isa = PBXBuildFile; fileRef = 45B4248B19F1C61000D9B141 /* main.m */; };
		45B4248F19F1C61000D9B141 /* AppDelegate.m in Sources */ = {isa = PBXBuildFile; fileRef = 45B4248E19F1C61000D9B141 /* AppDelegate.m */; };
		45B4249219F1C61000D9B141 /* FirstViewController.m in Sources */ = {isa = PBXBuildFile; fileRef = 45B4249119F1C61000D9B141 /* FirstViewController.m */; };
		45B4249519F1C61000D9B141 /* SecondViewController.m in Sources */ = {isa = PBXBuildFile; fileRef = 45B4249419F1C61000D9B141 /* SecondViewController.m */; };
		45B4249819F1C61000D9B141 /* Main.storyboard in Resources */ = {isa = PBXBuildFile; fileRef = 45B4249619F1C61000D9B141 /* Main.storyboard */; };
		45B4249A19F1C61000D9B141 /* Images.xcassets in Resources */ = {isa = PBXBuildFile; fileRef = 45B4249919F1C61000D9B141 /* Images.xcassets */; };
		45B4249D19F1C61000D9B141 /* LaunchScreen.xib in Resources */ = {isa = PBXBuildFile; fileRef = 45B4249B19F1C61000D9B141 /* LaunchScreen.xib */; };
		45B424A919F1C61000D9B141 /* EMVCardReaderTests.m in Sources */ = {isa = PBXBuildFile; fileRef = 45B424A819F1C61000D9B141 /* EMVCardReaderTests.m */; };
		45B424B419F1C79F00D9B141 /* MainViewController.m in Sources */ = {isa = PBXBuildFile; fileRef = 45B424B319F1C79F00D9B141 /* MainViewController.m */; };
		45B424C519F1D11D00D9B141 /* LeftMenuView.m in Sources */ = {isa = PBXBuildFile; fileRef = 45B424C419F1D11D00D9B141 /* LeftMenuView.m */; };
		EF5F5CE219F40CB300D4B7B4 /* AJDHex.m in Sources */ = {isa = PBXBuildFile; fileRef = EF5F5CE119F40CB300D4B7B4 /* AJDHex.m */; };
		EF5F5CE419F4112900D4B7B4 /* UIKit.framework in Frameworks */ = {isa = PBXBuildFile; fileRef = EF5F5CE319F4112900D4B7B4 /* UIKit.framework */; };
		EF5F5CE619F4113600D4B7B4 /* AudioToolbox.framework in Frameworks */ = {isa = PBXBuildFile; fileRef = EF5F5CE519F4113600D4B7B4 /* AudioToolbox.framework */; };
		EF5F5CEC19F4137100D4B7B4 /* scan_sound.mp3 in Resources */ = {isa = PBXBuildFile; fileRef = EF5F5CEB19F4137100D4B7B4 /* scan_sound.mp3 */; };
		EF5F5CEE19F414B700D4B7B4 /* Dummy.mm in Sources */ = {isa = PBXBuildFile; fileRef = EF5F5CED19F414B700D4B7B4 /* Dummy.mm */; };
		EF5F5CF219F45DFC00D4B7B4 /* FJAudioPlayer.m in Sources */ = {isa = PBXBuildFile; fileRef = EF5F5CF119F45DFC00D4B7B4 /* FJAudioPlayer.m */; };
		EFD4428E19F1E0D20015990B /* libAudioJack.a in Frameworks */ = {isa = PBXBuildFile; fileRef = EFD4428D19F1E0D20015990B /* libAudioJack.a */; };
/* End PBXBuildFile section */

/* Begin PBXContainerItemProxy section */
		45B424A319F1C61000D9B141 /* PBXContainerItemProxy */ = {
			isa = PBXContainerItemProxy;
			containerPortal = 45B4247E19F1C61000D9B141 /* Project object */;
			proxyType = 1;
			remoteGlobalIDString = 45B4248519F1C61000D9B141;
			remoteInfo = EMVCardReader;
		};
/* End PBXContainerItemProxy section */

/* Begin PBXFileReference section */
		4514C63919F1D8CD0006EB1D /* ConfigurationViewController.h */ = {isa = PBXFileReference; fileEncoding = 4; lastKnownFileType = sourcecode.c.h; path = ConfigurationViewController.h; sourceTree = "<group>"; };
		4514C63A19F1D8CD0006EB1D /* ConfigurationViewController.m */ = {isa = PBXFileReference; fileEncoding = 4; lastKnownFileType = sourcecode.c.objc; path = ConfigurationViewController.m; sourceTree = "<group>"; };
		4514C63C19F1D8EB0006EB1D /* AboutViewController.h */ = {isa = PBXFileReference; fileEncoding = 4; lastKnownFileType = sourcecode.c.h; path = AboutViewController.h; sourceTree = "<group>"; };
		4514C63D19F1D8EB0006EB1D /* AboutViewController.m */ = {isa = PBXFileReference; fileEncoding = 4; lastKnownFileType = sourcecode.c.objc; path = AboutViewController.m; sourceTree = "<group>"; };
		45B4248619F1C61000D9B141 /* EMVCardReader.app */ = {isa = PBXFileReference; explicitFileType = wrapper.application; includeInIndex = 0; path = EMVCardReader.app; sourceTree = BUILT_PRODUCTS_DIR; };
		45B4248A19F1C61000D9B141 /* Info.plist */ = {isa = PBXFileReference; lastKnownFileType = text.plist.xml; path = Info.plist; sourceTree = "<group>"; };
		45B4248B19F1C61000D9B141 /* main.m */ = {isa = PBXFileReference; lastKnownFileType = sourcecode.c.objc; path = main.m; sourceTree = "<group>"; };
		45B4248D19F1C61000D9B141 /* AppDelegate.h */ = {isa = PBXFileReference; lastKnownFileType = sourcecode.c.h; path = AppDelegate.h; sourceTree = "<group>"; };
		45B4248E19F1C61000D9B141 /* AppDelegate.m */ = {isa = PBXFileReference; lastKnownFileType = sourcecode.c.objc; path = AppDelegate.m; sourceTree = "<group>"; };
		45B4249019F1C61000D9B141 /* FirstViewController.h */ = {isa = PBXFileReference; lastKnownFileType = sourcecode.c.h; path = FirstViewController.h; sourceTree = "<group>"; };
		45B4249119F1C61000D9B141 /* FirstViewController.m */ = {isa = PBXFileReference; lastKnownFileType = sourcecode.c.objc; path = FirstViewController.m; sourceTree = "<group>"; };
		45B4249319F1C61000D9B141 /* SecondViewController.h */ = {isa = PBXFileReference; lastKnownFileType = sourcecode.c.h; path = SecondViewController.h; sourceTree = "<group>"; };
		45B4249419F1C61000D9B141 /* SecondViewController.m */ = {isa = PBXFileReference; lastKnownFileType = sourcecode.c.objc; path = SecondViewController.m; sourceTree = "<group>"; };
		45B4249719F1C61000D9B141 /* Base */ = {isa = PBXFileReference; lastKnownFileType = file.storyboard; name = Base; path = Base.lproj/Main.storyboard; sourceTree = "<group>"; };
		45B4249919F1C61000D9B141 /* Images.xcassets */ = {isa = PBXFileReference; lastKnownFileType = folder.assetcatalog; path = Images.xcassets; sourceTree = "<group>"; };
		45B4249C19F1C61000D9B141 /* Base */ = {isa = PBXFileReference; lastKnownFileType = file.xib; name = Base; path = Base.lproj/LaunchScreen.xib; sourceTree = "<group>"; };
		45B424A219F1C61000D9B141 /* EMVCardReaderTests.xctest */ = {isa = PBXFileReference; explicitFileType = wrapper.cfbundle; includeInIndex = 0; path = EMVCardReaderTests.xctest; sourceTree = BUILT_PRODUCTS_DIR; };
		45B424A719F1C61000D9B141 /* Info.plist */ = {isa = PBXFileReference; lastKnownFileType = text.plist.xml; path = Info.plist; sourceTree = "<group>"; };
		45B424A819F1C61000D9B141 /* EMVCardReaderTests.m */ = {isa = PBXFileReference; lastKnownFileType = sourcecode.c.objc; path = EMVCardReaderTests.m; sourceTree = "<group>"; };
		45B424B219F1C79F00D9B141 /* MainViewController.h */ = {isa = PBXFileReference; fileEncoding = 4; lastKnownFileType = sourcecode.c.h; path = MainViewController.h; sourceTree = "<group>"; };
		45B424B319F1C79F00D9B141 /* MainViewController.m */ = {isa = PBXFileReference; fileEncoding = 4; lastKnownFileType = sourcecode.c.objc; path = MainViewController.m; sourceTree = "<group>"; };
		45B424C319F1D11D00D9B141 /* LeftMenuView.h */ = {isa = PBXFileReference; fileEncoding = 4; lastKnownFileType = sourcecode.c.h; path = LeftMenuView.h; sourceTree = "<group>"; };
		45B424C419F1D11D00D9B141 /* LeftMenuView.m */ = {isa = PBXFileReference; fileEncoding = 4; lastKnownFileType = sourcecode.c.objc; path = LeftMenuView.m; sourceTree = "<group>"; };
		EF5F5CE019F40CB300D4B7B4 /* AJDHex.h */ = {isa = PBXFileReference; fileEncoding = 4; lastKnownFileType = sourcecode.c.h; path = AJDHex.h; sourceTree = "<group>"; };
		EF5F5CE119F40CB300D4B7B4 /* AJDHex.m */ = {isa = PBXFileReference; fileEncoding = 4; lastKnownFileType = sourcecode.c.objc; path = AJDHex.m; sourceTree = "<group>"; };
		EF5F5CE319F4112900D4B7B4 /* UIKit.framework */ = {isa = PBXFileReference; lastKnownFileType = wrapper.framework; name = UIKit.framework; path = System/Library/Frameworks/UIKit.framework; sourceTree = SDKROOT; };
		EF5F5CE519F4113600D4B7B4 /* AudioToolbox.framework */ = {isa = PBXFileReference; lastKnownFileType = wrapper.framework; name = AudioToolbox.framework; path = System/Library/Frameworks/AudioToolbox.framework; sourceTree = SDKROOT; };
		EF5F5CEB19F4137100D4B7B4 /* scan_sound.mp3 */ = {isa = PBXFileReference; lastKnownFileType = audio.mp3; path = scan_sound.mp3; sourceTree = "<group>"; };
		EF5F5CED19F414B700D4B7B4 /* Dummy.mm */ = {isa = PBXFileReference; fileEncoding = 4; lastKnownFileType = sourcecode.cpp.objcpp; path = Dummy.mm; sourceTree = "<group>"; };
		EF5F5CF019F45DFC00D4B7B4 /* FJAudioPlayer.h */ = {isa = PBXFileReference; fileEncoding = 4; lastKnownFileType = sourcecode.c.h; path = FJAudioPlayer.h; sourceTree = "<group>"; };
		EF5F5CF119F45DFC00D4B7B4 /* FJAudioPlayer.m */ = {isa = PBXFileReference; fileEncoding = 4; lastKnownFileType = sourcecode.c.objc; path = FJAudioPlayer.m; sourceTree = "<group>"; };
		EFD4428119F1E0D20015990B /* ACRAesTrackData.h */ = {isa = PBXFileReference; fileEncoding = 4; lastKnownFileType = sourcecode.c.h; path = ACRAesTrackData.h; sourceTree = "<group>"; };
		EFD4428219F1E0D20015990B /* ACRAudioJackReader.h */ = {isa = PBXFileReference; fileEncoding = 4; lastKnownFileType = sourcecode.c.h; path = ACRAudioJackReader.h; sourceTree = "<group>"; };
		EFD4428319F1E0D20015990B /* ACRCRC16.h */ = {isa = PBXFileReference; fileEncoding = 4; lastKnownFileType = sourcecode.c.h; path = ACRCRC16.h; sourceTree = "<group>"; };
		EFD4428419F1E0D20015990B /* ACRDukptReceiver.h */ = {isa = PBXFileReference; fileEncoding = 4; lastKnownFileType = sourcecode.c.h; path = ACRDukptReceiver.h; sourceTree = "<group>"; };
		EFD4428519F1E0D20015990B /* ACRDukptTrackData.h */ = {isa = PBXFileReference; fileEncoding = 4; lastKnownFileType = sourcecode.c.h; path = ACRDukptTrackData.h; sourceTree = "<group>"; };
		EFD4428619F1E0D20015990B /* ACRResult.h */ = {isa = PBXFileReference; fileEncoding = 4; lastKnownFileType = sourcecode.c.h; path = ACRResult.h; sourceTree = "<group>"; };
		EFD4428719F1E0D20015990B /* ACRStatus.h */ = {isa = PBXFileReference; fileEncoding = 4; lastKnownFileType = sourcecode.c.h; path = ACRStatus.h; sourceTree = "<group>"; };
		EFD4428819F1E0D20015990B /* ACRTrack1Data.h */ = {isa = PBXFileReference; fileEncoding = 4; lastKnownFileType = sourcecode.c.h; path = ACRTrack1Data.h; sourceTree = "<group>"; };
		EFD4428919F1E0D20015990B /* ACRTrack2Data.h */ = {isa = PBXFileReference; fileEncoding = 4; lastKnownFileType = sourcecode.c.h; path = ACRTrack2Data.h; sourceTree = "<group>"; };
		EFD4428A19F1E0D20015990B /* ACRTrackData.h */ = {isa = PBXFileReference; fileEncoding = 4; lastKnownFileType = sourcecode.c.h; path = ACRTrackData.h; sourceTree = "<group>"; };
		EFD4428B19F1E0D20015990B /* AudioJack.h */ = {isa = PBXFileReference; fileEncoding = 4; lastKnownFileType = sourcecode.c.h; path = AudioJack.h; sourceTree = "<group>"; };
		EFD4428C19F1E0D20015990B /* AudioJackErrors.h */ = {isa = PBXFileReference; fileEncoding = 4; lastKnownFileType = sourcecode.c.h; path = AudioJackErrors.h; sourceTree = "<group>"; };
		EFD4428D19F1E0D20015990B /* libAudioJack.a */ = {isa = PBXFileReference; lastKnownFileType = archive.ar; path = libAudioJack.a; sourceTree = "<group>"; };
/* End PBXFileReference section */

/* Begin PBXFrameworksBuildPhase section */
		45B4248319F1C61000D9B141 /* Frameworks */ = {
			isa = PBXFrameworksBuildPhase;
			buildActionMask = 2147483647;
			files = (
				EF5F5CE619F4113600D4B7B4 /* AudioToolbox.framework in Frameworks */,
				EF5F5CE419F4112900D4B7B4 /* UIKit.framework in Frameworks */,
				EFD4428E19F1E0D20015990B /* libAudioJack.a in Frameworks */,
			);
			runOnlyForDeploymentPostprocessing = 0;
		};
		45B4249F19F1C61000D9B141 /* Frameworks */ = {
			isa = PBXFrameworksBuildPhase;
			buildActionMask = 2147483647;
			files = (
			);
			runOnlyForDeploymentPostprocessing = 0;
		};
/* End PBXFrameworksBuildPhase section */

/* Begin PBXGroup section */
		45B4247D19F1C61000D9B141 = {
			isa = PBXGroup;
			children = (
				EF5F5CEF19F45C3500D4B7B4 /* Frameworks */,
				EFD4428019F1E0D20015990B /* AudioJack */,
				45B4248819F1C61000D9B141 /* EMVCardReader */,
				45B424A519F1C61000D9B141 /* EMVCardReaderTests */,
				45B4248719F1C61000D9B141 /* Products */,
			);
			sourceTree = "<group>";
		};
		45B4248719F1C61000D9B141 /* Products */ = {
			isa = PBXGroup;
			children = (
				45B4248619F1C61000D9B141 /* EMVCardReader.app */,
				45B424A219F1C61000D9B141 /* EMVCardReaderTests.xctest */,
			);
			name = Products;
			sourceTree = "<group>";
		};
		45B4248819F1C61000D9B141 /* EMVCardReader */ = {
			isa = PBXGroup;
			children = (
				EF5F5CED19F414B700D4B7B4 /* Dummy.mm */,
				EF5F5CE019F40CB300D4B7B4 /* AJDHex.h */,
				EF5F5CE119F40CB300D4B7B4 /* AJDHex.m */,
				45B4248D19F1C61000D9B141 /* AppDelegate.h */,
				45B4248E19F1C61000D9B141 /* AppDelegate.m */,
				EF5F5CF019F45DFC00D4B7B4 /* FJAudioPlayer.h */,
				EF5F5CF119F45DFC00D4B7B4 /* FJAudioPlayer.m */,
				45B424B219F1C79F00D9B141 /* MainViewController.h */,
				45B424B319F1C79F00D9B141 /* MainViewController.m */,
				45B4249019F1C61000D9B141 /* FirstViewController.h */,
				45B4249119F1C61000D9B141 /* FirstViewController.m */,
				45B4249319F1C61000D9B141 /* SecondViewController.h */,
				45B4249419F1C61000D9B141 /* SecondViewController.m */,
				45B424C319F1D11D00D9B141 /* LeftMenuView.h */,
				45B424C419F1D11D00D9B141 /* LeftMenuView.m */,
				4514C63919F1D8CD0006EB1D /* ConfigurationViewController.h */,
				4514C63A19F1D8CD0006EB1D /* ConfigurationViewController.m */,
				4514C63C19F1D8EB0006EB1D /* AboutViewController.h */,
				4514C63D19F1D8EB0006EB1D /* AboutViewController.m */,
				45B4249619F1C61000D9B141 /* Main.storyboard */,
				45B4249919F1C61000D9B141 /* Images.xcassets */,
				45B4249B19F1C61000D9B141 /* LaunchScreen.xib */,
				45B4248919F1C61000D9B141 /* Supporting Files */,
			);
			path = EMVCardReader;
			sourceTree = "<group>";
		};
		45B4248919F1C61000D9B141 /* Supporting Files */ = {
			isa = PBXGroup;
			children = (
				EF5F5CEB19F4137100D4B7B4 /* scan_sound.mp3 */,
				45B4248A19F1C61000D9B141 /* Info.plist */,
				45B4248B19F1C61000D9B141 /* main.m */,
			);
			name = "Supporting Files";
			sourceTree = "<group>";
		};
		45B424A519F1C61000D9B141 /* EMVCardReaderTests */ = {
			isa = PBXGroup;
			children = (
				45B424A819F1C61000D9B141 /* EMVCardReaderTests.m */,
				45B424A619F1C61000D9B141 /* Supporting Files */,
			);
			path = EMVCardReaderTests;
			sourceTree = "<group>";
		};
		45B424A619F1C61000D9B141 /* Supporting Files */ = {
			isa = PBXGroup;
			children = (
				45B424A719F1C61000D9B141 /* Info.plist */,
			);
			name = "Supporting Files";
			sourceTree = "<group>";
		};
		EF5F5CEF19F45C3500D4B7B4 /* Frameworks */ = {
			isa = PBXGroup;
			children = (
				EF5F5CE519F4113600D4B7B4 /* AudioToolbox.framework */,
				EF5F5CE319F4112900D4B7B4 /* UIKit.framework */,
			);
			name = Frameworks;
			sourceTree = "<group>";
		};
		EFD4428019F1E0D20015990B /* AudioJack */ = {
			isa = PBXGroup;
			children = (
				EFD4428119F1E0D20015990B /* ACRAesTrackData.h */,
				EFD4428219F1E0D20015990B /* ACRAudioJackReader.h */,
				EFD4428319F1E0D20015990B /* ACRCRC16.h */,
				EFD4428419F1E0D20015990B /* ACRDukptReceiver.h */,
				EFD4428519F1E0D20015990B /* ACRDukptTrackData.h */,
				EFD4428619F1E0D20015990B /* ACRResult.h */,
				EFD4428719F1E0D20015990B /* ACRStatus.h */,
				EFD4428819F1E0D20015990B /* ACRTrack1Data.h */,
				EFD4428919F1E0D20015990B /* ACRTrack2Data.h */,
				EFD4428A19F1E0D20015990B /* ACRTrackData.h */,
				EFD4428B19F1E0D20015990B /* AudioJack.h */,
				EFD4428C19F1E0D20015990B /* AudioJackErrors.h */,
				EFD4428D19F1E0D20015990B /* libAudioJack.a */,
			);
			path = AudioJack;
			sourceTree = "<group>";
		};
/* End PBXGroup section */

/* Begin PBXNativeTarget section */
		45B4248519F1C61000D9B141 /* EMVCardReader */ = {
			isa = PBXNativeTarget;
			buildConfigurationList = 45B424AC19F1C61000D9B141 /* Build configuration list for PBXNativeTarget "EMVCardReader" */;
			buildPhases = (
				45B4248219F1C61000D9B141 /* Sources */,
				45B4248319F1C61000D9B141 /* Frameworks */,
				45B4248419F1C61000D9B141 /* Resources */,
			);
			buildRules = (
			);
			dependencies = (
			);
			name = EMVCardReader;
			productName = EMVCardReader;
			productReference = 45B4248619F1C61000D9B141 /* EMVCardReader.app */;
			productType = "com.apple.product-type.application";
		};
		45B424A119F1C61000D9B141 /* EMVCardReaderTests */ = {
			isa = PBXNativeTarget;
			buildConfigurationList = 45B424AF19F1C61000D9B141 /* Build configuration list for PBXNativeTarget "EMVCardReaderTests" */;
			buildPhases = (
				45B4249E19F1C61000D9B141 /* Sources */,
				45B4249F19F1C61000D9B141 /* Frameworks */,
				45B424A019F1C61000D9B141 /* Resources */,
			);
			buildRules = (
			);
			dependencies = (
				45B424A419F1C61000D9B141 /* PBXTargetDependency */,
			);
			name = EMVCardReaderTests;
			productName = EMVCardReaderTests;
			productReference = 45B424A219F1C61000D9B141 /* EMVCardReaderTests.xctest */;
			productType = "com.apple.product-type.bundle.unit-test";
		};
/* End PBXNativeTarget section */

/* Begin PBXProject section */
		45B4247E19F1C61000D9B141 /* Project object */ = {
			isa = PBXProject;
			attributes = {
				LastUpgradeCheck = 0600;
				ORGANIZATIONNAME = LLT;
				TargetAttributes = {
					45B4248519F1C61000D9B141 = {
						CreatedOnToolsVersion = 6.0;
					};
					45B424A119F1C61000D9B141 = {
						CreatedOnToolsVersion = 6.0;
						TestTargetID = 45B4248519F1C61000D9B141;
					};
				};
			};
			buildConfigurationList = 45B4248119F1C61000D9B141 /* Build configuration list for PBXProject "EmvCardReader" */;
			compatibilityVersion = "Xcode 3.2";
			developmentRegion = English;
			hasScannedForEncodings = 0;
			knownRegions = (
				en,
				Base,
			);
			mainGroup = 45B4247D19F1C61000D9B141;
			productRefGroup = 45B4248719F1C61000D9B141 /* Products */;
			projectDirPath = "";
			projectRoot = "";
			targets = (
				45B4248519F1C61000D9B141 /* EMVCardReader */,
				45B424A119F1C61000D9B141 /* EMVCardReaderTests */,
			);
		};
/* End PBXProject section */

/* Begin PBXResourcesBuildPhase section */
		45B4248419F1C61000D9B141 /* Resources */ = {
			isa = PBXResourcesBuildPhase;
			buildActionMask = 2147483647;
			files = (
				45B4249819F1C61000D9B141 /* Main.storyboard in Resources */,
				EF5F5CEC19F4137100D4B7B4 /* scan_sound.mp3 in Resources */,
				45B4249D19F1C61000D9B141 /* LaunchScreen.xib in Resources */,
				45B4249A19F1C61000D9B141 /* Images.xcassets in Resources */,
			);
			runOnlyForDeploymentPostprocessing = 0;
		};
		45B424A019F1C61000D9B141 /* Resources */ = {
			isa = PBXResourcesBuildPhase;
			buildActionMask = 2147483647;
			files = (
			);
			runOnlyForDeploymentPostprocessing = 0;
		};
/* End PBXResourcesBuildPhase section */

/* Begin PBXSourcesBuildPhase section */
		45B4248219F1C61000D9B141 /* Sources */ = {
			isa = PBXSourcesBuildPhase;
			buildActionMask = 2147483647;
			files = (
				45B4249519F1C61000D9B141 /* SecondViewController.m in Sources */,
				EF5F5CE219F40CB300D4B7B4 /* AJDHex.m in Sources */,
				4514C63B19F1D8CD0006EB1D /* ConfigurationViewController.m in Sources */,
				45B4248F19F1C61000D9B141 /* AppDelegate.m in Sources */,
				45B424C519F1D11D00D9B141 /* LeftMenuView.m in Sources */,
				4514C63E19F1D8EB0006EB1D /* AboutViewController.m in Sources */,
				EF5F5CEE19F414B700D4B7B4 /* Dummy.mm in Sources */,
				45B4249219F1C61000D9B141 /* FirstViewController.m in Sources */,
				45B424B419F1C79F00D9B141 /* MainViewController.m in Sources */,
				EF5F5CF219F45DFC00D4B7B4 /* FJAudioPlayer.m in Sources */,
				45B4248C19F1C61000D9B141 /* main.m in Sources */,
			);
			runOnlyForDeploymentPostprocessing = 0;
		};
		45B4249E19F1C61000D9B141 /* Sources */ = {
			isa = PBXSourcesBuildPhase;
			buildActionMask = 2147483647;
			files = (
				45B424A919F1C61000D9B141 /* EMVCardReaderTests.m in Sources */,
			);
			runOnlyForDeploymentPostprocessing = 0;
		};
/* End PBXSourcesBuildPhase section */

/* Begin PBXTargetDependency section */
		45B424A419F1C61000D9B141 /* PBXTargetDependency */ = {
			isa = PBXTargetDependency;
			target = 45B4248519F1C61000D9B141 /* EMVCardReader */;
			targetProxy = 45B424A319F1C61000D9B141 /* PBXContainerItemProxy */;
		};
/* End PBXTargetDependency section */

/* Begin PBXVariantGroup section */
		45B4249619F1C61000D9B141 /* Main.storyboard */ = {
			isa = PBXVariantGroup;
			children = (
				45B4249719F1C61000D9B141 /* Base */,
			);
			name = Main.storyboard;
			sourceTree = "<group>";
		};
		45B4249B19F1C61000D9B141 /* LaunchScreen.xib */ = {
			isa = PBXVariantGroup;
			children = (
				45B4249C19F1C61000D9B141 /* Base */,
			);
			name = LaunchScreen.xib;
			sourceTree = "<group>";
		};
/* End PBXVariantGroup section */

/* Begin XCBuildConfiguration section */
		45B424AA19F1C61000D9B141 /* Debug */ = {
			isa = XCBuildConfiguration;
			buildSettings = {
				ALWAYS_SEARCH_USER_PATHS = NO;
				CLANG_CXX_LANGUAGE_STANDARD = "gnu++0x";
				CLANG_CXX_LIBRARY = "libc++";
				CLANG_ENABLE_MODULES = YES;
				CLANG_ENABLE_OBJC_ARC = YES;
				CLANG_WARN_BOOL_CONVERSION = YES;
				CLANG_WARN_CONSTANT_CONVERSION = YES;
				CLANG_WARN_DIRECT_OBJC_ISA_USAGE = YES_ERROR;
				CLANG_WARN_EMPTY_BODY = YES;
				CLANG_WARN_ENUM_CONVERSION = YES;
				CLANG_WARN_INT_CONVERSION = YES;
				CLANG_WARN_OBJC_ROOT_CLASS = YES_ERROR;
				CLANG_WARN_UNREACHABLE_CODE = YES;
				CLANG_WARN__DUPLICATE_METHOD_MATCH = YES;
				"CODE_SIGN_IDENTITY[sdk=iphoneos*]" = "iPhone Developer";
				COPY_PHASE_STRIP = NO;
				ENABLE_STRICT_OBJC_MSGSEND = YES;
				GCC_C_LANGUAGE_STANDARD = gnu99;
				GCC_DYNAMIC_NO_PIC = NO;
				GCC_OPTIMIZATION_LEVEL = 0;
				GCC_PREPROCESSOR_DEFINITIONS = (
					"DEBUG=1",
					"$(inherited)",
				);
				GCC_SYMBOLS_PRIVATE_EXTERN = NO;
				GCC_WARN_64_TO_32_BIT_CONVERSION = YES;
				GCC_WARN_ABOUT_RETURN_TYPE = YES_ERROR;
				GCC_WARN_UNDECLARED_SELECTOR = YES;
				GCC_WARN_UNINITIALIZED_AUTOS = YES_AGGRESSIVE;
				GCC_WARN_UNUSED_FUNCTION = YES;
				GCC_WARN_UNUSED_VARIABLE = YES;
				IPHONEOS_DEPLOYMENT_TARGET = 7.0;
				MTL_ENABLE_DEBUG_INFO = YES;
				ONLY_ACTIVE_ARCH = YES;
				SDKROOT = iphoneos;
			};
			name = Debug;
		};
		45B424AB19F1C61000D9B141 /* Release */ = {
			isa = XCBuildConfiguration;
			buildSettings = {
				ALWAYS_SEARCH_USER_PATHS = NO;
				CLANG_CXX_LANGUAGE_STANDARD = "gnu++0x";
				CLANG_CXX_LIBRARY = "libc++";
				CLANG_ENABLE_MODULES = YES;
				CLANG_ENABLE_OBJC_ARC = YES;
				CLANG_WARN_BOOL_CONVERSION = YES;
				CLANG_WARN_CONSTANT_CONVERSION = YES;
				CLANG_WARN_DIRECT_OBJC_ISA_USAGE = YES_ERROR;
				CLANG_WARN_EMPTY_BODY = YES;
				CLANG_WARN_ENUM_CONVERSION = YES;
				CLANG_WARN_INT_CONVERSION = YES;
				CLANG_WARN_OBJC_ROOT_CLASS = YES_ERROR;
				CLANG_WARN_UNREACHABLE_CODE = YES;
				CLANG_WARN__DUPLICATE_METHOD_MATCH = YES;
				"CODE_SIGN_IDENTITY[sdk=iphoneos*]" = "iPhone Developer";
				COPY_PHASE_STRIP = YES;
				ENABLE_NS_ASSERTIONS = NO;
				ENABLE_STRICT_OBJC_MSGSEND = YES;
				GCC_C_LANGUAGE_STANDARD = gnu99;
				GCC_WARN_64_TO_32_BIT_CONVERSION = YES;
				GCC_WARN_ABOUT_RETURN_TYPE = YES_ERROR;
				GCC_WARN_UNDECLARED_SELECTOR = YES;
				GCC_WARN_UNINITIALIZED_AUTOS = YES_AGGRESSIVE;
				GCC_WARN_UNUSED_FUNCTION = YES;
				GCC_WARN_UNUSED_VARIABLE = YES;
				IPHONEOS_DEPLOYMENT_TARGET = 7.0;
				MTL_ENABLE_DEBUG_INFO = NO;
				SDKROOT = iphoneos;
				VALIDATE_PRODUCT = YES;
			};
			name = Release;
		};
		45B424AD19F1C61000D9B141 /* Debug */ = {
			isa = XCBuildConfiguration;
			buildSettings = {
				ASSETCATALOG_COMPILER_APPICON_NAME = AppIcon;
				CODE_SIGN_IDENTITY = "iPhone Developer";
				INFOPLIST_FILE = EMVCardReader/Info.plist;
				IPHONEOS_DEPLOYMENT_TARGET = 8.0;
				LD_RUNPATH_SEARCH_PATHS = "$(inherited) @executable_path/Frameworks";
				LIBRARY_SEARCH_PATHS = (
					"$(inherited)",
					"$(PROJECT_DIR)/AudioJack",
				);
				OTHER_LDFLAGS = "-ObjC";
				PRODUCT_NAME = "$(TARGET_NAME)";
			};
			name = Debug;
		};
		45B424AE19F1C61000D9B141 /* Release */ = {
			isa = XCBuildConfiguration;
			buildSettings = {
				ASSETCATALOG_COMPILER_APPICON_NAME = AppIcon;
				CODE_SIGN_IDENTITY = "iPhone Distribution";
				INFOPLIST_FILE = EMVCardReader/Info.plist;
				IPHONEOS_DEPLOYMENT_TARGET = 8.0;
				LD_RUNPATH_SEARCH_PATHS = "$(inherited) @executable_path/Frameworks";
				LIBRARY_SEARCH_PATHS = (
					"$(inherited)",
					"$(PROJECT_DIR)/AudioJack",
				);
				OTHER_LDFLAGS = "-ObjC";
				PRODUCT_NAME = "$(TARGET_NAME)";
			};
			name = Release;
		};
		45B424B019F1C61000D9B141 /* Debug */ = {
			isa = XCBuildConfiguration;
			buildSettings = {
				BUNDLE_LOADER = "$(TEST_HOST)";
				FRAMEWORK_SEARCH_PATHS = (
					"$(SDKROOT)/Developer/Library/Frameworks",
					"$(inherited)",
				);
				GCC_PREPROCESSOR_DEFINITIONS = (
					"DEBUG=1",
					"$(inherited)",
				);
				INFOPLIST_FILE = EMVCardReaderTests/Info.plist;
				LD_RUNPATH_SEARCH_PATHS = "$(inherited) @executable_path/Frameworks @loader_path/Frameworks";
				PRODUCT_NAME = "$(TARGET_NAME)";
				TEST_HOST = "$(BUILT_PRODUCTS_DIR)/EMVCardReader.app/EMVCardReader";
			};
			name = Debug;
		};
		45B424B119F1C61000D9B141 /* Release */ = {
			isa = XCBuildConfiguration;
			buildSettings = {
				BUNDLE_LOADER = "$(TEST_HOST)";
				FRAMEWORK_SEARCH_PATHS = (
					"$(SDKROOT)/Developer/Library/Frameworks",
					"$(inherited)",
				);
				INFOPLIST_FILE = EMVCardReaderTests/Info.plist;
				LD_RUNPATH_SEARCH_PATHS = "$(inherited) @executable_path/Frameworks @loader_path/Frameworks";
				PRODUCT_NAME = "$(TARGET_NAME)";
				TEST_HOST = "$(BUILT_PRODUCTS_DIR)/EMVCardReader.app/EMVCardReader";
			};
			name = Release;
		};
/* End XCBuildConfiguration section */

/* Begin XCConfigurationList section */
		45B4248119F1C61000D9B141 /* Build configuration list for PBXProject "EmvCardReader" */ = {
			isa = XCConfigurationList;
			buildConfigurations = (
				45B424AA19F1C61000D9B141 /* Debug */,
				45B424AB19F1C61000D9B141 /* Release */,
			);
			defaultConfigurationIsVisible = 0;
			defaultConfigurationName = Release;
		};
		45B424AC19F1C61000D9B141 /* Build configuration list for PBXNativeTarget "EMVCardReader" */ = {
			isa = XCConfigurationList;
			buildConfigurations = (
				45B424AD19F1C61000D9B141 /* Debug */,
				45B424AE19F1C61000D9B141 /* Release */,
			);
			defaultConfigurationIsVisible = 0;
			defaultConfigurationName = Release;
		};
		45B424AF19F1C61000D9B141 /* Build configuration list for PBXNativeTarget "EMVCardReaderTests" */ = {
			isa = XCConfigurationList;
			buildConfigurations = (
				45B424B019F1C61000D9B141 /* Debug */,
				45B424B119F1C61000D9B141 /* Release */,
			);
			defaultConfigurationIsVisible = 0;
			defaultConfigurationName = Release;
		};
/* End XCConfigurationList section */
	};
	rootObject = 45B4247E19F1C61000D9B141 /* Project object */;
}
