// !$*UTF8*$!
{
	archiveVersion = 1;
	classes = {
	};
	objectVersion = 46;
	objects = {

/* Begin PBXBuildFile section */
		1507578515C98EA500FB2F71 /* CADebugMacros.h in CopyFiles */ = {isa = PBXBuildFile; fileRef = 15C4B45F15C85DF8009DE0E5 /* CADebugMacros.h */; };
		1507578615C98EA500FB2F71 /* CADebugPrintf.h in CopyFiles */ = {isa = PBXBuildFile; fileRef = 15C4B46215C85DF8009DE0E5 /* CADebugPrintf.h */; };
		1507578715C98EA500FB2F71 /* CAMath.h in CopyFiles */ = {isa = PBXBuildFile; fileRef = 15C4B46315C85DF8009DE0E5 /* CAMath.h */; };
		1507578815C98EA500FB2F71 /* CAStreamBasicDescription.h in CopyFiles */ = {isa = PBXBuildFile; fileRef = 15C4B46515C85DF8009DE0E5 /* CAStreamBasicDescription.h */; };
		1507578915C98EA500FB2F71 /* CAXException.h in CopyFiles */ = {isa = PBXBuildFile; fileRef = 15C4B46715C85DF8009DE0E5 /* CAXException.h */; };
		1507578A15C98EA500FB2F71 /* aurio_helper.h in CopyFiles */ = {isa = PBXBuildFile; fileRef = 15C4B2FB15C83482009DE0E5 /* aurio_helper.h */; };
		150C576C164C22150033AEC3 /* NSData+FJStringDisplay.h in CopyFiles */ = {isa = PBXBuildFile; fileRef = 15218489164B68A6009A2E17 /* NSData+FJStringDisplay.h */; };
		150C5E911662EEB7005C22D6 /* FJNDEFRecord.h in CopyFiles */ = {isa = PBXBuildFile; fileRef = 15F2F00116288A50008FD352 /* FJNDEFRecord.h */; };
		151E36EC16E2863C0005B739 /* FJNDEFTests.m in Sources */ = {isa = PBXBuildFile; fileRef = 151E36EB16E2863C0005B739 /* FJNDEFTests.m */; };
		1521848B164B68A6009A2E17 /* NSData+FJStringDisplay.m in Sources */ = {isa = PBXBuildFile; fileRef = 1521848A164B68A6009A2E17 /* NSData+FJStringDisplay.m */; };
		15379C8F16E574A2006195F0 /* FJMessageTests.m in Sources */ = {isa = PBXBuildFile; fileRef = 15379C8E16E574A2006195F0 /* FJMessageTests.m */; };
		15379C9016E5AB44006195F0 /* FJNFCTag.m in Sources */ = {isa = PBXBuildFile; fileRef = 15C4B45B15C85BDF009DE0E5 /* FJNFCTag.m */; };
		1559F29116517FF100B43633 /* Foundation.framework in Frameworks */ = {isa = PBXBuildFile; fileRef = 15C4B2CF15C832E0009DE0E5 /* Foundation.framework */; };
		1559F29216517FF100B43633 /* CoreGraphics.framework in Frameworks */ = {isa = PBXBuildFile; fileRef = 1559F26E16517F8C00B43633 /* CoreGraphics.framework */; };
		1559F29816517FF100B43633 /* InfoPlist.strings in Resources */ = {isa = PBXBuildFile; fileRef = 1559F29616517FF100B43633 /* InfoPlist.strings */; };
		1559F29A16517FF100B43633 /* main.m in Sources */ = {isa = PBXBuildFile; fileRef = 1559F29916517FF100B43633 /* main.m */; };
		1559F29E16517FF100B43633 /* AppDelegate.m in Sources */ = {isa = PBXBuildFile; fileRef = 1559F29D16517FF100B43633 /* AppDelegate.m */; };
		1559F2A016517FF100B43633 /* Default.png in Resources */ = {isa = PBXBuildFile; fileRef = 1559F29F16517FF100B43633 /* Default.png */; };
		1559F2A216517FF100B43633 /* Default@2x.png in Resources */ = {isa = PBXBuildFile; fileRef = 1559F2A116517FF100B43633 /* Default@2x.png */; };
		1559F2A416517FF100B43633 /* Default-568h@2x.png in Resources */ = {isa = PBXBuildFile; fileRef = 1559F2A316517FF100B43633 /* Default-568h@2x.png */; };
		1559F2A716517FF100B43633 /* TagReadWriteViewController.mm in Sources */ = {isa = PBXBuildFile; fileRef = 1559F2A616517FF100B43633 /* TagReadWriteViewController.mm */; };
		1559F2AA16517FF100B43633 /* TagReadWriteViewController~iphone.xib in Resources */ = {isa = PBXBuildFile; fileRef = 1559F2A816517FF100B43633 /* TagReadWriteViewController~iphone.xib */; };
		1559F2B21651811300B43633 /* TagReadWriteViewController.xib in Resources */ = {isa = PBXBuildFile; fileRef = 1559F2B11651811300B43633 /* TagReadWriteViewController.xib */; };
		1559F2B31651881400B43633 /* libFloJack.a in Frameworks */ = {isa = PBXBuildFile; fileRef = 15C4B2CC15C832E0009DE0E5 /* libFloJack.a */; };
		1559F2B41651889400B43633 /* AudioToolbox.framework in Frameworks */ = {isa = PBXBuildFile; fileRef = 15C4B32115C83BDC009DE0E5 /* AudioToolbox.framework */; };
		1559F2B51651889B00B43633 /* CoreAudio.framework in Frameworks */ = {isa = PBXBuildFile; fileRef = 15C4B31F15C83BCF009DE0E5 /* CoreAudio.framework */; };
		1559F2B6165188A400B43633 /* MobileCoreServices.framework in Frameworks */ = {isa = PBXBuildFile; fileRef = 15C4B44B15C83F53009DE0E5 /* MobileCoreServices.framework */; };
		1559F2B7165188AC00B43633 /* QuartzCore.framework in Frameworks */ = {isa = PBXBuildFile; fileRef = 155D4F8615D7044B00CF45FD /* QuartzCore.framework */; };
		155D4F8515D604BB00CF45FD /* Logging.h in CopyFiles */ = {isa = PBXBuildFile; fileRef = 155D4F8415D5FDA800CF45FD /* Logging.h */; };
		155D4F8715D7044B00CF45FD /* QuartzCore.framework in Frameworks */ = {isa = PBXBuildFile; fileRef = 155D4F8615D7044B00CF45FD /* QuartzCore.framework */; };
		155E70CE15C865910025136D /* FJNFCTag.h in CopyFiles */ = {isa = PBXBuildFile; fileRef = 15C4B45A15C85BDF009DE0E5 /* FJNFCTag.h */; };
		155E70D015C865910025136D /* FJNFCAdapter.h in CopyFiles */ = {isa = PBXBuildFile; fileRef = 15C4B30915C83482009DE0E5 /* FJNFCAdapter.h */; };
		157C812E15DBFF2C00760BF2 /* FJMessage.m in Sources */ = {isa = PBXBuildFile; fileRef = 157C812D15DBFF2C00760BF2 /* FJMessage.m */; };
		157C812F15DBFFEB00760BF2 /* FJMessage.h in CopyFiles */ = {isa = PBXBuildFile; fileRef = 157C812C15DBFF2C00760BF2 /* FJMessage.h */; };
		15806A2516E40FFC00D98748 /* FJMessage.m in Sources */ = {isa = PBXBuildFile; fileRef = 157C812D15DBFF2C00760BF2 /* FJMessage.m */; };
		158EEF9F16B9E50500574748 /* scan_sound.mp3 in Resources */ = {isa = PBXBuildFile; fileRef = 158EEF9E16B9E50500574748 /* scan_sound.mp3 */; };
		15A367D9172DD602006F6CA7 /* FJNFCTagTests.m in Sources */ = {isa = PBXBuildFile; fileRef = 15A367D8172DD602006F6CA7 /* FJNFCTagTests.m */; };
		15B046F7165322C3000FF892 /* AVFoundation.framework in Frameworks */ = {isa = PBXBuildFile; fileRef = 15B046F6165322C3000FF892 /* AVFoundation.framework */; };
		15B48C03164D65BB00043A4E /* CoreAudio.framework in Frameworks */ = {isa = PBXBuildFile; fileRef = 15C4B31F15C83BCF009DE0E5 /* CoreAudio.framework */; };
		15B48C04164D65E800043A4E /* AudioToolbox.framework in Frameworks */ = {isa = PBXBuildFile; fileRef = 15C4B32115C83BDC009DE0E5 /* AudioToolbox.framework */; };
		15B48C06164D663800043A4E /* QuartzCore.framework in Frameworks */ = {isa = PBXBuildFile; fileRef = 155D4F8615D7044B00CF45FD /* QuartzCore.framework */; };
		15C41DD41677B57100D98A8D /* MediaPlayer.framework in Frameworks */ = {isa = PBXBuildFile; fileRef = 15C41DD31677B57100D98A8D /* MediaPlayer.framework */; };
		15C4B2D015C832E0009DE0E5 /* Foundation.framework in Frameworks */ = {isa = PBXBuildFile; fileRef = 15C4B2CF15C832E0009DE0E5 /* Foundation.framework */; };
		15C4B2DF15C832E0009DE0E5 /* SenTestingKit.framework in Frameworks */ = {isa = PBXBuildFile; fileRef = 15C4B2DE15C832E0009DE0E5 /* SenTestingKit.framework */; };
		15C4B2E115C832E0009DE0E5 /* UIKit.framework in Frameworks */ = {isa = PBXBuildFile; fileRef = 15C4B2E015C832E0009DE0E5 /* UIKit.framework */; };
		15C4B2E215C832E0009DE0E5 /* Foundation.framework in Frameworks */ = {isa = PBXBuildFile; fileRef = 15C4B2CF15C832E0009DE0E5 /* Foundation.framework */; };
		15C4B2EB15C832E0009DE0E5 /* InfoPlist.strings in Resources */ = {isa = PBXBuildFile; fileRef = 15C4B2E915C832E0009DE0E5 /* InfoPlist.strings */; };
		15C4B2EE15C832E0009DE0E5 /* FloJackTests.m in Sources */ = {isa = PBXBuildFile; fileRef = 15C4B2ED15C832E0009DE0E5 /* FloJackTests.m */; };
		15C4B31015C83482009DE0E5 /* aurio_helper.cpp in Sources */ = {isa = PBXBuildFile; fileRef = 15C4B2FA15C83482009DE0E5 /* aurio_helper.cpp */; };
		15C4B31515C83482009DE0E5 /* FJNFCAdapter.m in Sources */ = {isa = PBXBuildFile; fileRef = 15C4B30A15C83482009DE0E5 /* FJNFCAdapter.m */; };
		15C4B32015C83BCF009DE0E5 /* CoreAudio.framework in Frameworks */ = {isa = PBXBuildFile; fileRef = 15C4B31F15C83BCF009DE0E5 /* CoreAudio.framework */; };
		15C4B32215C83BDC009DE0E5 /* AudioToolbox.framework in Frameworks */ = {isa = PBXBuildFile; fileRef = 15C4B32115C83BDC009DE0E5 /* AudioToolbox.framework */; };
		15C4B44C15C83F54009DE0E5 /* MobileCoreServices.framework in Frameworks */ = {isa = PBXBuildFile; fileRef = 15C4B44B15C83F53009DE0E5 /* MobileCoreServices.framework */; };
		15C4B45C15C85BE0009DE0E5 /* FJNFCTag.m in Sources */ = {isa = PBXBuildFile; fileRef = 15C4B45B15C85BDF009DE0E5 /* FJNFCTag.m */; };
		15C4B46815C85DF8009DE0E5 /* CADebugMacros.mm in Sources */ = {isa = PBXBuildFile; fileRef = 15C4B46015C85DF8009DE0E5 /* CADebugMacros.mm */; };
		15C4B46915C85DF8009DE0E5 /* CADebugPrintf.cpp in Sources */ = {isa = PBXBuildFile; fileRef = 15C4B46115C85DF8009DE0E5 /* CADebugPrintf.cpp */; };
		15C4B46A15C85DF8009DE0E5 /* CAStreamBasicDescription.mm in Sources */ = {isa = PBXBuildFile; fileRef = 15C4B46415C85DF8009DE0E5 /* CAStreamBasicDescription.mm */; };
		15C4B46B15C85DF8009DE0E5 /* CAXException.cpp in Sources */ = {isa = PBXBuildFile; fileRef = 15C4B46615C85DF8009DE0E5 /* CAXException.cpp */; };
		15C71B1616EE8AB600B92D07 /* NSData+FJStringDisplay.m in Sources */ = {isa = PBXBuildFile; fileRef = 1521848A164B68A6009A2E17 /* NSData+FJStringDisplay.m */; };
		15DBE7BE16FD62E70001CB14 /* FJNDEFURITests.m in Sources */ = {isa = PBXBuildFile; fileRef = 15DBE7BB16FD60770001CB14 /* FJNDEFURITests.m */; };
		15E188EB15DAC9E000AC0F72 /* FJNFCService.mm in Sources */ = {isa = PBXBuildFile; fileRef = 15E188EA15DAC9E000AC0F72 /* FJNFCService.mm */; };
		15E188ED15DAC9EF00AC0F72 /* FJNFCService.h in CopyFiles */ = {isa = PBXBuildFile; fileRef = 15E188E915DAC9E000AC0F72 /* FJNFCService.h */; };
		15F2EFFE16288072008FD352 /* FJNDEFMessage.m in Sources */ = {isa = PBXBuildFile; fileRef = 15F2EFFD16288072008FD352 /* FJNDEFMessage.m */; };
		15F2EFFF16288072008FD352 /* FJNDEFMessage.m in Sources */ = {isa = PBXBuildFile; fileRef = 15F2EFFD16288072008FD352 /* FJNDEFMessage.m */; };
		15F2F00016288A02008FD352 /* FJNDEFMessage.h in CopyFiles */ = {isa = PBXBuildFile; fileRef = 15F2EFFC16288072008FD352 /* FJNDEFMessage.h */; };
		15F2F00316288A50008FD352 /* FJNDEFRecord.m in Sources */ = {isa = PBXBuildFile; fileRef = 15F2F00216288A50008FD352 /* FJNDEFRecord.m */; };
		15F2F00416288A50008FD352 /* FJNDEFRecord.m in Sources */ = {isa = PBXBuildFile; fileRef = 15F2F00216288A50008FD352 /* FJNDEFRecord.m */; };
		B734507219FB0AB60044A5A6 /* CoreBluetooth.framework in Frameworks */ = {isa = PBXBuildFile; fileRef = B734507119FB0AB60044A5A6 /* CoreBluetooth.framework */; };
		B734507419FB11AE0044A5A6 /* UIKit.framework in Frameworks */ = {isa = PBXBuildFile; fileRef = B734507319FB11AE0044A5A6 /* UIKit.framework */; };
		B734507719FB120A0044A5A6 /* FloBLEUart.m in Sources */ = {isa = PBXBuildFile; fileRef = B734507619FB120A0044A5A6 /* FloBLEUart.m */; };
		B734507819FB15CA0044A5A6 /* CoreBluetooth.framework in Frameworks */ = {isa = PBXBuildFile; fileRef = B734507119FB0AB60044A5A6 /* CoreBluetooth.framework */; };
		EF38A7E717B82A7900684263 /* Icon-72.png in Resources */ = {isa = PBXBuildFile; fileRef = EF38A7DF17B82A7900684263 /* Icon-72.png */; };
		EF38A7E817B82A7900684263 /* Icon-72@2x.png in Resources */ = {isa = PBXBuildFile; fileRef = EF38A7E017B82A7900684263 /* Icon-72@2x.png */; };
		EF38A7E917B82A7900684263 /* Icon-Small-50.png in Resources */ = {isa = PBXBuildFile; fileRef = EF38A7E117B82A7900684263 /* Icon-Small-50.png */; };
		EF38A7EA17B82A7900684263 /* Icon-Small-50@2x.png in Resources */ = {isa = PBXBuildFile; fileRef = EF38A7E217B82A7900684263 /* Icon-Small-50@2x.png */; };
		EF38A7EB17B82A7900684263 /* Icon-Small.png in Resources */ = {isa = PBXBuildFile; fileRef = EF38A7E317B82A7900684263 /* Icon-Small.png */; };
		EF38A7EC17B82A7900684263 /* Icon-Small@2x.png in Resources */ = {isa = PBXBuildFile; fileRef = EF38A7E417B82A7900684263 /* Icon-Small@2x.png */; };
		EF38A7ED17B82A7900684263 /* Icon.png in Resources */ = {isa = PBXBuildFile; fileRef = EF38A7E517B82A7900684263 /* Icon.png */; };
		EF38A7EE17B82A7900684263 /* Icon@2x.png in Resources */ = {isa = PBXBuildFile; fileRef = EF38A7E617B82A7900684263 /* Icon@2x.png */; };
/* End PBXBuildFile section */

/* Begin PBXContainerItemProxy section */
		15C4B2E315C832E0009DE0E5 /* PBXContainerItemProxy */ = {
			isa = PBXContainerItemProxy;
			containerPortal = 15C4B2C315C832DF009DE0E5 /* Project object */;
			proxyType = 1;
			remoteGlobalIDString = 15C4B2CB15C832DF009DE0E5;
			remoteInfo = FloJack;
		};
/* End PBXContainerItemProxy section */

/* Begin PBXCopyFilesBuildPhase section */
		15C4B2CA15C832DF009DE0E5 /* CopyFiles */ = {
			isa = PBXCopyFilesBuildPhase;
			buildActionMask = 2147483647;
			dstPath = "";
			dstSubfolderSpec = 16;
			files = (
				150C5E911662EEB7005C22D6 /* FJNDEFRecord.h in CopyFiles */,
				150C576C164C22150033AEC3 /* NSData+FJStringDisplay.h in CopyFiles */,
				15F2F00016288A02008FD352 /* FJNDEFMessage.h in CopyFiles */,
				157C812F15DBFFEB00760BF2 /* FJMessage.h in CopyFiles */,
				15E188ED15DAC9EF00AC0F72 /* FJNFCService.h in CopyFiles */,
				155D4F8515D604BB00CF45FD /* Logging.h in CopyFiles */,
				1507578515C98EA500FB2F71 /* CADebugMacros.h in CopyFiles */,
				1507578615C98EA500FB2F71 /* CADebugPrintf.h in CopyFiles */,
				1507578715C98EA500FB2F71 /* CAMath.h in CopyFiles */,
				1507578815C98EA500FB2F71 /* CAStreamBasicDescription.h in CopyFiles */,
				1507578915C98EA500FB2F71 /* CAXException.h in CopyFiles */,
				1507578A15C98EA500FB2F71 /* aurio_helper.h in CopyFiles */,
				155E70CE15C865910025136D /* FJNFCTag.h in CopyFiles */,
				155E70D015C865910025136D /* FJNFCAdapter.h in CopyFiles */,
			);
			runOnlyForDeploymentPostprocessing = 0;
		};
/* End PBXCopyFilesBuildPhase section */

/* Begin PBXFileReference section */
		151E36EA16E2863C0005B739 /* FJNDEFTests.h */ = {isa = PBXFileReference; fileEncoding = 4; lastKnownFileType = sourcecode.c.h; path = FJNDEFTests.h; sourceTree = "<group>"; };
		151E36EB16E2863C0005B739 /* FJNDEFTests.m */ = {isa = PBXFileReference; fileEncoding = 4; lastKnownFileType = sourcecode.c.objc; path = FJNDEFTests.m; sourceTree = "<group>"; };
		15218489164B68A6009A2E17 /* NSData+FJStringDisplay.h */ = {isa = PBXFileReference; fileEncoding = 4; lastKnownFileType = sourcecode.c.h; path = "NSData+FJStringDisplay.h"; sourceTree = "<group>"; };
		1521848A164B68A6009A2E17 /* NSData+FJStringDisplay.m */ = {isa = PBXFileReference; fileEncoding = 4; lastKnownFileType = sourcecode.c.objc; path = "NSData+FJStringDisplay.m"; sourceTree = "<group>"; };
		15379C8D16E574A2006195F0 /* FJMessageTests.h */ = {isa = PBXFileReference; fileEncoding = 4; lastKnownFileType = sourcecode.c.h; path = FJMessageTests.h; sourceTree = "<group>"; };
		15379C8E16E574A2006195F0 /* FJMessageTests.m */ = {isa = PBXFileReference; fileEncoding = 4; lastKnownFileType = sourcecode.c.objc; path = FJMessageTests.m; sourceTree = "<group>"; };
		153ED1EF164D503A00CA3400 /* LICENSE */ = {isa = PBXFileReference; fileEncoding = 4; lastKnownFileType = text; path = LICENSE; sourceTree = "<group>"; };
		1559F26E16517F8C00B43633 /* CoreGraphics.framework */ = {isa = PBXFileReference; lastKnownFileType = wrapper.framework; name = CoreGraphics.framework; path = System/Library/Frameworks/CoreGraphics.framework; sourceTree = SDKROOT; };
		1559F27016517F8C00B43633 /* CoreData.framework */ = {isa = PBXFileReference; lastKnownFileType = wrapper.framework; name = CoreData.framework; path = System/Library/Frameworks/CoreData.framework; sourceTree = SDKROOT; };
		1559F28E16517FF100B43633 /* FloJackExample.app */ = {isa = PBXFileReference; explicitFileType = wrapper.application; includeInIndex = 0; path = FloJackExample.app; sourceTree = BUILT_PRODUCTS_DIR; };
		1559F29516517FF100B43633 /* FloJackExample-Info.plist */ = {isa = PBXFileReference; lastKnownFileType = text.plist.xml; path = "FloJackExample-Info.plist"; sourceTree = "<group>"; };
		1559F29716517FF100B43633 /* en */ = {isa = PBXFileReference; lastKnownFileType = text.plist.strings; name = en; path = en.lproj/InfoPlist.strings; sourceTree = "<group>"; };
		1559F29916517FF100B43633 /* main.m */ = {isa = PBXFileReference; lastKnownFileType = sourcecode.c.objc; path = main.m; sourceTree = "<group>"; };
		1559F29B16517FF100B43633 /* FloJackExample-Prefix.pch */ = {isa = PBXFileReference; lastKnownFileType = sourcecode.c.h; path = "FloJackExample-Prefix.pch"; sourceTree = "<group>"; };
		1559F29C16517FF100B43633 /* AppDelegate.h */ = {isa = PBXFileReference; lastKnownFileType = sourcecode.c.h; lineEnding = 0; path = AppDelegate.h; sourceTree = "<group>"; xcLanguageSpecificationIdentifier = xcode.lang.objcpp; };
		1559F29D16517FF100B43633 /* AppDelegate.m */ = {isa = PBXFileReference; lastKnownFileType = sourcecode.c.objc; path = AppDelegate.m; sourceTree = "<group>"; };
		1559F29F16517FF100B43633 /* Default.png */ = {isa = PBXFileReference; lastKnownFileType = image.png; path = Default.png; sourceTree = "<group>"; };
		1559F2A116517FF100B43633 /* Default@2x.png */ = {isa = PBXFileReference; lastKnownFileType = image.png; path = "Default@2x.png"; sourceTree = "<group>"; };
		1559F2A316517FF100B43633 /* Default-568h@2x.png */ = {isa = PBXFileReference; lastKnownFileType = image.png; path = "Default-568h@2x.png"; sourceTree = "<group>"; };
		1559F2A516517FF100B43633 /* TagReadWriteViewController.h */ = {isa = PBXFileReference; lastKnownFileType = sourcecode.c.h; path = TagReadWriteViewController.h; sourceTree = "<group>"; };
		1559F2A616517FF100B43633 /* TagReadWriteViewController.mm */ = {isa = PBXFileReference; lastKnownFileType = sourcecode.cpp.objcpp; lineEnding = 0; path = TagReadWriteViewController.mm; sourceTree = "<group>"; xcLanguageSpecificationIdentifier = xcode.lang.objcpp; };
		1559F2A916517FF100B43633 /* en */ = {isa = PBXFileReference; lastKnownFileType = file.xib; name = en; path = "en.lproj/TagReadWriteViewController~iphone.xib"; sourceTree = "<group>"; };
		1559F2B11651811300B43633 /* TagReadWriteViewController.xib */ = {isa = PBXFileReference; fileEncoding = 4; lastKnownFileType = file.xib; path = TagReadWriteViewController.xib; sourceTree = "<group>"; };
		155D4F8415D5FDA800CF45FD /* Logging.h */ = {isa = PBXFileReference; fileEncoding = 4; lastKnownFileType = sourcecode.c.h; path = Logging.h; sourceTree = "<group>"; };
		155D4F8615D7044B00CF45FD /* QuartzCore.framework */ = {isa = PBXFileReference; lastKnownFileType = wrapper.framework; name = QuartzCore.framework; path = System/Library/Frameworks/QuartzCore.framework; sourceTree = SDKROOT; };
		157C812C15DBFF2C00760BF2 /* FJMessage.h */ = {isa = PBXFileReference; fileEncoding = 4; lastKnownFileType = sourcecode.c.h; lineEnding = 0; path = FJMessage.h; sourceTree = "<group>"; };
		157C812D15DBFF2C00760BF2 /* FJMessage.m */ = {isa = PBXFileReference; fileEncoding = 4; lastKnownFileType = sourcecode.c.objc; path = FJMessage.m; sourceTree = "<group>"; };
		158EEF9E16B9E50500574748 /* scan_sound.mp3 */ = {isa = PBXFileReference; lastKnownFileType = audio.mp3; name = scan_sound.mp3; path = FloJackExample/scan_sound.mp3; sourceTree = SOURCE_ROOT; };
		15A367D7172DD602006F6CA7 /* FJNFCTagTests.h */ = {isa = PBXFileReference; fileEncoding = 4; lastKnownFileType = sourcecode.c.h; path = FJNFCTagTests.h; sourceTree = "<group>"; };
		15A367D8172DD602006F6CA7 /* FJNFCTagTests.m */ = {isa = PBXFileReference; fileEncoding = 4; lastKnownFileType = sourcecode.c.objc; path = FJNFCTagTests.m; sourceTree = "<group>"; };
		15B046F6165322C3000FF892 /* AVFoundation.framework */ = {isa = PBXFileReference; lastKnownFileType = wrapper.framework; name = AVFoundation.framework; path = System/Library/Frameworks/AVFoundation.framework; sourceTree = SDKROOT; };
		15B046F9165323CE000FF892 /* scan_sound.mp3 */ = {isa = PBXFileReference; lastKnownFileType = audio.mp3; path = scan_sound.mp3; sourceTree = "<group>"; };
		15B62D01164D6A7F002B04AD /* README.md */ = {isa = PBXFileReference; lastKnownFileType = text; path = README.md; sourceTree = "<group>"; };
		15C41DD31677B57100D98A8D /* MediaPlayer.framework */ = {isa = PBXFileReference; lastKnownFileType = wrapper.framework; name = MediaPlayer.framework; path = System/Library/Frameworks/MediaPlayer.framework; sourceTree = SDKROOT; };
		15C4B2CC15C832E0009DE0E5 /* libFloJack.a */ = {isa = PBXFileReference; explicitFileType = archive.ar; includeInIndex = 0; path = libFloJack.a; sourceTree = BUILT_PRODUCTS_DIR; };
		15C4B2CF15C832E0009DE0E5 /* Foundation.framework */ = {isa = PBXFileReference; lastKnownFileType = wrapper.framework; name = Foundation.framework; path = System/Library/Frameworks/Foundation.framework; sourceTree = SDKROOT; };
		15C4B2D315C832E0009DE0E5 /* FloJack-Prefix.pch */ = {isa = PBXFileReference; lastKnownFileType = sourcecode.c.h; path = "FloJack-Prefix.pch"; sourceTree = "<group>"; };
		15C4B2DD15C832E0009DE0E5 /* FloJackTests.octest */ = {isa = PBXFileReference; explicitFileType = wrapper.cfbundle; includeInIndex = 0; path = FloJackTests.octest; sourceTree = BUILT_PRODUCTS_DIR; };
		15C4B2DE15C832E0009DE0E5 /* SenTestingKit.framework */ = {isa = PBXFileReference; lastKnownFileType = wrapper.framework; name = SenTestingKit.framework; path = Library/Frameworks/SenTestingKit.framework; sourceTree = DEVELOPER_DIR; };
		15C4B2E015C832E0009DE0E5 /* UIKit.framework */ = {isa = PBXFileReference; lastKnownFileType = wrapper.framework; name = UIKit.framework; path = Library/Frameworks/UIKit.framework; sourceTree = DEVELOPER_DIR; };
		15C4B2E815C832E0009DE0E5 /* FloJackTests-Info.plist */ = {isa = PBXFileReference; lastKnownFileType = text.plist.xml; path = "FloJackTests-Info.plist"; sourceTree = "<group>"; };
		15C4B2EA15C832E0009DE0E5 /* en */ = {isa = PBXFileReference; lastKnownFileType = text.plist.strings; name = en; path = en.lproj/InfoPlist.strings; sourceTree = "<group>"; };
		15C4B2EC15C832E0009DE0E5 /* FloJackTests.h */ = {isa = PBXFileReference; lastKnownFileType = sourcecode.c.h; path = FloJackTests.h; sourceTree = "<group>"; };
		15C4B2ED15C832E0009DE0E5 /* FloJackTests.m */ = {isa = PBXFileReference; lastKnownFileType = sourcecode.c.objc; path = FloJackTests.m; sourceTree = "<group>"; };
		15C4B2FA15C83482009DE0E5 /* aurio_helper.cpp */ = {isa = PBXFileReference; fileEncoding = 4; lastKnownFileType = sourcecode.cpp.cpp; path = aurio_helper.cpp; sourceTree = "<group>"; };
		15C4B2FB15C83482009DE0E5 /* aurio_helper.h */ = {isa = PBXFileReference; fileEncoding = 4; lastKnownFileType = sourcecode.c.h; path = aurio_helper.h; sourceTree = "<group>"; };
		15C4B30915C83482009DE0E5 /* FJNFCAdapter.h */ = {isa = PBXFileReference; fileEncoding = 4; lastKnownFileType = sourcecode.c.h; path = FJNFCAdapter.h; sourceTree = "<group>"; };
		15C4B30A15C83482009DE0E5 /* FJNFCAdapter.m */ = {isa = PBXFileReference; fileEncoding = 4; lastKnownFileType = sourcecode.c.objc; lineEnding = 0; path = FJNFCAdapter.m; sourceTree = "<group>"; };
		15C4B31F15C83BCF009DE0E5 /* CoreAudio.framework */ = {isa = PBXFileReference; lastKnownFileType = wrapper.framework; name = CoreAudio.framework; path = System/Library/Frameworks/CoreAudio.framework; sourceTree = SDKROOT; };
		15C4B32115C83BDC009DE0E5 /* AudioToolbox.framework */ = {isa = PBXFileReference; lastKnownFileType = wrapper.framework; name = AudioToolbox.framework; path = System/Library/Frameworks/AudioToolbox.framework; sourceTree = SDKROOT; };
		15C4B44B15C83F53009DE0E5 /* MobileCoreServices.framework */ = {isa = PBXFileReference; lastKnownFileType = wrapper.framework; name = MobileCoreServices.framework; path = System/Library/Frameworks/MobileCoreServices.framework; sourceTree = SDKROOT; };
		15C4B45A15C85BDF009DE0E5 /* FJNFCTag.h */ = {isa = PBXFileReference; fileEncoding = 4; lastKnownFileType = sourcecode.c.h; name = FJNFCTag.h; path = FloJack/FJNFCTag.h; sourceTree = "<group>"; };
		15C4B45B15C85BDF009DE0E5 /* FJNFCTag.m */ = {isa = PBXFileReference; fileEncoding = 4; lastKnownFileType = sourcecode.c.objc; name = FJNFCTag.m; path = FloJack/FJNFCTag.m; sourceTree = "<group>"; };
		15C4B45F15C85DF8009DE0E5 /* CADebugMacros.h */ = {isa = PBXFileReference; fileEncoding = 4; lastKnownFileType = sourcecode.c.h; path = CADebugMacros.h; sourceTree = "<group>"; };
		15C4B46015C85DF8009DE0E5 /* CADebugMacros.mm */ = {isa = PBXFileReference; fileEncoding = 4; lastKnownFileType = sourcecode.cpp.objcpp; path = CADebugMacros.mm; sourceTree = "<group>"; };
		15C4B46115C85DF8009DE0E5 /* CADebugPrintf.cpp */ = {isa = PBXFileReference; fileEncoding = 4; lastKnownFileType = sourcecode.cpp.cpp; path = CADebugPrintf.cpp; sourceTree = "<group>"; };
		15C4B46215C85DF8009DE0E5 /* CADebugPrintf.h */ = {isa = PBXFileReference; fileEncoding = 4; lastKnownFileType = sourcecode.c.h; path = CADebugPrintf.h; sourceTree = "<group>"; };
		15C4B46315C85DF8009DE0E5 /* CAMath.h */ = {isa = PBXFileReference; fileEncoding = 4; lastKnownFileType = sourcecode.c.h; path = CAMath.h; sourceTree = "<group>"; };
		15C4B46415C85DF8009DE0E5 /* CAStreamBasicDescription.mm */ = {isa = PBXFileReference; fileEncoding = 4; lastKnownFileType = sourcecode.cpp.objcpp; path = CAStreamBasicDescription.mm; sourceTree = "<group>"; };
		15C4B46515C85DF8009DE0E5 /* CAStreamBasicDescription.h */ = {isa = PBXFileReference; explicitFileType = sourcecode.cpp.objcpp; fileEncoding = 4; path = CAStreamBasicDescription.h; sourceTree = "<group>"; };
		15C4B46615C85DF8009DE0E5 /* CAXException.cpp */ = {isa = PBXFileReference; fileEncoding = 4; lastKnownFileType = sourcecode.cpp.cpp; path = CAXException.cpp; sourceTree = "<group>"; };
		15C4B46715C85DF8009DE0E5 /* CAXException.h */ = {isa = PBXFileReference; fileEncoding = 4; lastKnownFileType = sourcecode.c.h; path = CAXException.h; sourceTree = "<group>"; };
		15DBE7BB16FD60770001CB14 /* FJNDEFURITests.m */ = {isa = PBXFileReference; fileEncoding = 4; lastKnownFileType = sourcecode.c.objc; path = FJNDEFURITests.m; sourceTree = "<group>"; };
		15DBE7BC16FD608F0001CB14 /* FJNDEFURITests.h */ = {isa = PBXFileReference; fileEncoding = 4; lastKnownFileType = sourcecode.c.h; path = FJNDEFURITests.h; sourceTree = "<group>"; };
		15E188E915DAC9E000AC0F72 /* FJNFCService.h */ = {isa = PBXFileReference; fileEncoding = 4; lastKnownFileType = sourcecode.c.h; path = FJNFCService.h; sourceTree = "<group>"; };
		15E188EA15DAC9E000AC0F72 /* FJNFCService.mm */ = {isa = PBXFileReference; fileEncoding = 4; lastKnownFileType = sourcecode.cpp.objcpp; path = FJNFCService.mm; sourceTree = "<group>"; };
		15F2EFFC16288072008FD352 /* FJNDEFMessage.h */ = {isa = PBXFileReference; fileEncoding = 4; lastKnownFileType = sourcecode.c.h; name = FJNDEFMessage.h; path = FloJack/FJNDEFMessage.h; sourceTree = "<group>"; };
		15F2EFFD16288072008FD352 /* FJNDEFMessage.m */ = {isa = PBXFileReference; fileEncoding = 4; lastKnownFileType = sourcecode.c.objc; lineEnding = 0; name = FJNDEFMessage.m; path = FloJack/FJNDEFMessage.m; sourceTree = "<group>"; xcLanguageSpecificationIdentifier = xcode.lang.objc; };
		15F2F00116288A50008FD352 /* FJNDEFRecord.h */ = {isa = PBXFileReference; fileEncoding = 4; lastKnownFileType = sourcecode.c.h; lineEnding = 0; name = FJNDEFRecord.h; path = FloJack/FJNDEFRecord.h; sourceTree = "<group>"; xcLanguageSpecificationIdentifier = xcode.lang.objcpp; };
		15F2F00216288A50008FD352 /* FJNDEFRecord.m */ = {isa = PBXFileReference; fileEncoding = 4; lastKnownFileType = sourcecode.c.objc; lineEnding = 0; name = FJNDEFRecord.m; path = FloJack/FJNDEFRecord.m; sourceTree = "<group>"; xcLanguageSpecificationIdentifier = xcode.lang.objc; };
		B73008571A3B70890013F226 /* FloNotifications.h */ = {isa = PBXFileReference; fileEncoding = 4; lastKnownFileType = sourcecode.c.h; name = FloNotifications.h; path = ../FloNotifications.h; sourceTree = "<group>"; };
		B73008581A3B70890013F226 /* FloProtocolsCommon.h */ = {isa = PBXFileReference; fileEncoding = 4; lastKnownFileType = sourcecode.c.h; name = FloProtocolsCommon.h; path = ../FloProtocolsCommon.h; sourceTree = "<group>"; };
		B734507119FB0AB60044A5A6 /* CoreBluetooth.framework */ = {isa = PBXFileReference; lastKnownFileType = wrapper.framework; name = CoreBluetooth.framework; path = System/Library/Frameworks/CoreBluetooth.framework; sourceTree = SDKROOT; };
		B734507319FB11AE0044A5A6 /* UIKit.framework */ = {isa = PBXFileReference; lastKnownFileType = wrapper.framework; name = UIKit.framework; path = System/Library/Frameworks/UIKit.framework; sourceTree = SDKROOT; };
		B734507519FB12000044A5A6 /* FloBLEUart.h */ = {isa = PBXFileReference; fileEncoding = 4; lastKnownFileType = sourcecode.c.h; path = FloBLEUart.h; sourceTree = "<group>"; };
		B734507619FB120A0044A5A6 /* FloBLEUart.m */ = {isa = PBXFileReference; fileEncoding = 4; lastKnownFileType = sourcecode.c.objc; path = FloBLEUart.m; sourceTree = "<group>"; };
		EF38A7DF17B82A7900684263 /* Icon-72.png */ = {isa = PBXFileReference; lastKnownFileType = image.png; path = "Icon-72.png"; sourceTree = "<group>"; };
		EF38A7E017B82A7900684263 /* Icon-72@2x.png */ = {isa = PBXFileReference; lastKnownFileType = image.png; path = "Icon-72@2x.png"; sourceTree = "<group>"; };
		EF38A7E117B82A7900684263 /* Icon-Small-50.png */ = {isa = PBXFileReference; lastKnownFileType = image.png; path = "Icon-Small-50.png"; sourceTree = "<group>"; };
		EF38A7E217B82A7900684263 /* Icon-Small-50@2x.png */ = {isa = PBXFileReference; lastKnownFileType = image.png; path = "Icon-Small-50@2x.png"; sourceTree = "<group>"; };
		EF38A7E317B82A7900684263 /* Icon-Small.png */ = {isa = PBXFileReference; lastKnownFileType = image.png; path = "Icon-Small.png"; sourceTree = "<group>"; };
		EF38A7E417B82A7900684263 /* Icon-Small@2x.png */ = {isa = PBXFileReference; lastKnownFileType = image.png; path = "Icon-Small@2x.png"; sourceTree = "<group>"; };
		EF38A7E517B82A7900684263 /* Icon.png */ = {isa = PBXFileReference; lastKnownFileType = image.png; path = Icon.png; sourceTree = "<group>"; };
		EF38A7E617B82A7900684263 /* Icon@2x.png */ = {isa = PBXFileReference; lastKnownFileType = image.png; path = "Icon@2x.png"; sourceTree = "<group>"; };
/* End PBXFileReference section */

/* Begin PBXFrameworksBuildPhase section */
		1559F28B16517FF100B43633 /* Frameworks */ = {
			isa = PBXFrameworksBuildPhase;
			buildActionMask = 2147483647;
			files = (
				B734507819FB15CA0044A5A6 /* CoreBluetooth.framework in Frameworks */,
				B734507419FB11AE0044A5A6 /* UIKit.framework in Frameworks */,
				15C41DD41677B57100D98A8D /* MediaPlayer.framework in Frameworks */,
				15B046F7165322C3000FF892 /* AVFoundation.framework in Frameworks */,
				1559F2B7165188AC00B43633 /* QuartzCore.framework in Frameworks */,
				1559F2B6165188A400B43633 /* MobileCoreServices.framework in Frameworks */,
				1559F2B51651889B00B43633 /* CoreAudio.framework in Frameworks */,
				1559F2B41651889400B43633 /* AudioToolbox.framework in Frameworks */,
				1559F2B31651881400B43633 /* libFloJack.a in Frameworks */,
				1559F29116517FF100B43633 /* Foundation.framework in Frameworks */,
				1559F29216517FF100B43633 /* CoreGraphics.framework in Frameworks */,
			);
			runOnlyForDeploymentPostprocessing = 0;
		};
		15C4B2C915C832DF009DE0E5 /* Frameworks */ = {
			isa = PBXFrameworksBuildPhase;
			buildActionMask = 2147483647;
			files = (
				B734507219FB0AB60044A5A6 /* CoreBluetooth.framework in Frameworks */,
				155D4F8715D7044B00CF45FD /* QuartzCore.framework in Frameworks */,
				15C4B44C15C83F54009DE0E5 /* MobileCoreServices.framework in Frameworks */,
				15C4B32015C83BCF009DE0E5 /* CoreAudio.framework in Frameworks */,
				15C4B32215C83BDC009DE0E5 /* AudioToolbox.framework in Frameworks */,
				15C4B2D015C832E0009DE0E5 /* Foundation.framework in Frameworks */,
			);
			runOnlyForDeploymentPostprocessing = 0;
		};
		15C4B2D915C832E0009DE0E5 /* Frameworks */ = {
			isa = PBXFrameworksBuildPhase;
			buildActionMask = 2147483647;
			files = (
				15B48C06164D663800043A4E /* QuartzCore.framework in Frameworks */,
				15B48C04164D65E800043A4E /* AudioToolbox.framework in Frameworks */,
				15B48C03164D65BB00043A4E /* CoreAudio.framework in Frameworks */,
				15C4B2DF15C832E0009DE0E5 /* SenTestingKit.framework in Frameworks */,
				15C4B2E115C832E0009DE0E5 /* UIKit.framework in Frameworks */,
				15C4B2E215C832E0009DE0E5 /* Foundation.framework in Frameworks */,
			);
			runOnlyForDeploymentPostprocessing = 0;
		};
/* End PBXFrameworksBuildPhase section */

/* Begin PBXGroup section */
		1559F29316517FF100B43633 /* FloJackExample */ = {
			isa = PBXGroup;
			children = (
				B73008571A3B70890013F226 /* FloNotifications.h */,
				B73008581A3B70890013F226 /* FloProtocolsCommon.h */,
				1559F29C16517FF100B43633 /* AppDelegate.h */,
				1559F29D16517FF100B43633 /* AppDelegate.m */,
				1559F2A516517FF100B43633 /* TagReadWriteViewController.h */,
				1559F2A616517FF100B43633 /* TagReadWriteViewController.mm */,
				1559F2A816517FF100B43633 /* TagReadWriteViewController~iphone.xib */,
				1559F2B11651811300B43633 /* TagReadWriteViewController.xib */,
				1559F29416517FF100B43633 /* Supporting Files */,
			);
			path = FloJackExample;
			sourceTree = "<group>";
		};
		1559F29416517FF100B43633 /* Supporting Files */ = {
			isa = PBXGroup;
			children = (
				EF38A7EF17B82AF000684263 /* Icons */,
				15D3F67E16B73116006D2A68 /* Sounds */,
				1559F29516517FF100B43633 /* FloJackExample-Info.plist */,
				1559F29616517FF100B43633 /* InfoPlist.strings */,
				1559F29916517FF100B43633 /* main.m */,
				1559F29B16517FF100B43633 /* FloJackExample-Prefix.pch */,
				1559F29F16517FF100B43633 /* Default.png */,
				1559F2A116517FF100B43633 /* Default@2x.png */,
				1559F2A316517FF100B43633 /* Default-568h@2x.png */,
			);
			name = "Supporting Files";
			sourceTree = "<group>";
		};
		155D4F6E15D48F4900CF45FD /* Classes */ = {
			isa = PBXGroup;
			children = (
				B734507619FB120A0044A5A6 /* FloBLEUart.m */,
				B734507519FB12000044A5A6 /* FloBLEUart.h */,
				155D4F8415D5FDA800CF45FD /* Logging.h */,
				155D4F7115D492D900CF45FD /* Lib */,
				157C812C15DBFF2C00760BF2 /* FJMessage.h */,
				157C812D15DBFF2C00760BF2 /* FJMessage.m */,
				15C4B30915C83482009DE0E5 /* FJNFCAdapter.h */,
				15C4B30A15C83482009DE0E5 /* FJNFCAdapter.m */,
				15E188E915DAC9E000AC0F72 /* FJNFCService.h */,
				15E188EA15DAC9E000AC0F72 /* FJNFCService.mm */,
				15218489164B68A6009A2E17 /* NSData+FJStringDisplay.h */,
				1521848A164B68A6009A2E17 /* NSData+FJStringDisplay.m */,
			);
			name = Classes;
			sourceTree = "<group>";
		};
		155D4F7015D4926C00CF45FD /* AurioTouch2 */ = {
			isa = PBXGroup;
			children = (
				15C4B2FA15C83482009DE0E5 /* aurio_helper.cpp */,
				15C4B2FB15C83482009DE0E5 /* aurio_helper.h */,
			);
			name = AurioTouch2;
			sourceTree = "<group>";
		};
		155D4F7115D492D900CF45FD /* Lib */ = {
			isa = PBXGroup;
			children = (
				155D4F7015D4926C00CF45FD /* AurioTouch2 */,
				15C4B45D15C85DB6009DE0E5 /* CoreAduio */,
			);
			name = Lib;
			sourceTree = "<group>";
		};
		15C4B2C115C832DF009DE0E5 = {
			isa = PBXGroup;
			children = (
				B73008591A3B746C0013F226 /* Tag */,
				1559F29316517FF100B43633 /* FloJackExample */,
				15C4B2D115C832E0009DE0E5 /* FloJack */,
				15C4B2E615C832E0009DE0E5 /* Tests */,
				15C4B2CE15C832E0009DE0E5 /* Frameworks */,
				15C4B2CD15C832E0009DE0E5 /* Products */,
				153ED1EF164D503A00CA3400 /* LICENSE */,
				15B62D01164D6A7F002B04AD /* README.md */,
			);
			sourceTree = "<group>";
		};
		15C4B2CD15C832E0009DE0E5 /* Products */ = {
			isa = PBXGroup;
			children = (
				15C4B2CC15C832E0009DE0E5 /* libFloJack.a */,
				15C4B2DD15C832E0009DE0E5 /* FloJackTests.octest */,
				1559F28E16517FF100B43633 /* FloJackExample.app */,
			);
			name = Products;
			sourceTree = "<group>";
		};
		15C4B2CE15C832E0009DE0E5 /* Frameworks */ = {
			isa = PBXGroup;
			children = (
				B734507319FB11AE0044A5A6 /* UIKit.framework */,
				B734507119FB0AB60044A5A6 /* CoreBluetooth.framework */,
				15C41DD31677B57100D98A8D /* MediaPlayer.framework */,
				15B046F6165322C3000FF892 /* AVFoundation.framework */,
				15C4B32115C83BDC009DE0E5 /* AudioToolbox.framework */,
				15C4B31F15C83BCF009DE0E5 /* CoreAudio.framework */,
				15C4B44B15C83F53009DE0E5 /* MobileCoreServices.framework */,
				155D4F8615D7044B00CF45FD /* QuartzCore.framework */,
				15C4B2CF15C832E0009DE0E5 /* Foundation.framework */,
				15C4B2DE15C832E0009DE0E5 /* SenTestingKit.framework */,
				15C4B2E015C832E0009DE0E5 /* UIKit.framework */,
				1559F26E16517F8C00B43633 /* CoreGraphics.framework */,
				1559F27016517F8C00B43633 /* CoreData.framework */,
			);
			name = Frameworks;
			sourceTree = "<group>";
		};
		15C4B2D115C832E0009DE0E5 /* FloJack */ = {
			isa = PBXGroup;
			children = (
				155D4F6E15D48F4900CF45FD /* Classes */,
				15C4B2D215C832E0009DE0E5 /* Supporting Files */,
			);
			path = FloJack;
			sourceTree = "<group>";
		};
		15C4B2D215C832E0009DE0E5 /* Supporting Files */ = {
			isa = PBXGroup;
			children = (
				15B046F9165323CE000FF892 /* scan_sound.mp3 */,
				15C4B2D315C832E0009DE0E5 /* FloJack-Prefix.pch */,
			);
			name = "Supporting Files";
			sourceTree = "<group>";
		};
		15C4B2E615C832E0009DE0E5 /* Tests */ = {
			isa = PBXGroup;
			children = (
				15A367D7172DD602006F6CA7 /* FJNFCTagTests.h */,
				15A367D8172DD602006F6CA7 /* FJNFCTagTests.m */,
				15DBE7BC16FD608F0001CB14 /* FJNDEFURITests.h */,
				15DBE7BB16FD60770001CB14 /* FJNDEFURITests.m */,
				151E36EB16E2863C0005B739 /* FJNDEFTests.m */,
				151E36EA16E2863C0005B739 /* FJNDEFTests.h */,
				15379C8D16E574A2006195F0 /* FJMessageTests.h */,
				15379C8E16E574A2006195F0 /* FJMessageTests.m */,
				15C4B2EC15C832E0009DE0E5 /* FloJackTests.h */,
				15C4B2ED15C832E0009DE0E5 /* FloJackTests.m */,
				15C4B2E715C832E0009DE0E5 /* Supporting Files */,
			);
			name = Tests;
			path = FloJackTests;
			sourceTree = "<group>";
		};
		15C4B2E715C832E0009DE0E5 /* Supporting Files */ = {
			isa = PBXGroup;
			children = (
				15C4B2E815C832E0009DE0E5 /* FloJackTests-Info.plist */,
				15C4B2E915C832E0009DE0E5 /* InfoPlist.strings */,
			);
			name = "Supporting Files";
			sourceTree = "<group>";
		};
		15C4B45D15C85DB6009DE0E5 /* CoreAduio */ = {
			isa = PBXGroup;
			children = (
				15C4B45E15C85DCD009DE0E5 /* PublicUtility */,
			);
			path = CoreAduio;
			sourceTree = "<group>";
		};
		15C4B45E15C85DCD009DE0E5 /* PublicUtility */ = {
			isa = PBXGroup;
			children = (
				15C4B45F15C85DF8009DE0E5 /* CADebugMacros.h */,
				15C4B46015C85DF8009DE0E5 /* CADebugMacros.mm */,
				15C4B46115C85DF8009DE0E5 /* CADebugPrintf.cpp */,
				15C4B46215C85DF8009DE0E5 /* CADebugPrintf.h */,
				15C4B46315C85DF8009DE0E5 /* CAMath.h */,
				15C4B46415C85DF8009DE0E5 /* CAStreamBasicDescription.mm */,
				15C4B46515C85DF8009DE0E5 /* CAStreamBasicDescription.h */,
				15C4B46615C85DF8009DE0E5 /* CAXException.cpp */,
				15C4B46715C85DF8009DE0E5 /* CAXException.h */,
			);
			path = PublicUtility;
			sourceTree = "<group>";
		};
		15D3F67E16B73116006D2A68 /* Sounds */ = {
			isa = PBXGroup;
			children = (
				158EEF9E16B9E50500574748 /* scan_sound.mp3 */,
			);
			name = Sounds;
			path = ../../flomio_client/mobile/ios/FlomioDemo;
			sourceTree = "<group>";
		};
		B73008591A3B746C0013F226 /* Tag */ = {
			isa = PBXGroup;
			children = (
				15C4B45A15C85BDF009DE0E5 /* FJNFCTag.h */,
				15C4B45B15C85BDF009DE0E5 /* FJNFCTag.m */,
				15F2EFFC16288072008FD352 /* FJNDEFMessage.h */,
				15F2EFFD16288072008FD352 /* FJNDEFMessage.m */,
				15F2F00116288A50008FD352 /* FJNDEFRecord.h */,
				15F2F00216288A50008FD352 /* FJNDEFRecord.m */,
			);
			name = Tag;
			sourceTree = "<group>";
		};
		EF38A7EF17B82AF000684263 /* Icons */ = {
			isa = PBXGroup;
			children = (
				EF38A7DF17B82A7900684263 /* Icon-72.png */,
				EF38A7E017B82A7900684263 /* Icon-72@2x.png */,
				EF38A7E117B82A7900684263 /* Icon-Small-50.png */,
				EF38A7E217B82A7900684263 /* Icon-Small-50@2x.png */,
				EF38A7E317B82A7900684263 /* Icon-Small.png */,
				EF38A7E417B82A7900684263 /* Icon-Small@2x.png */,
				EF38A7E517B82A7900684263 /* Icon.png */,
				EF38A7E617B82A7900684263 /* Icon@2x.png */,
			);
			name = Icons;
			sourceTree = "<group>";
		};
/* End PBXGroup section */

/* Begin PBXNativeTarget section */
		1559F28D16517FF100B43633 /* FloJackExample */ = {
			isa = PBXNativeTarget;
			buildConfigurationList = 1559F2AE16517FF100B43633 /* Build configuration list for PBXNativeTarget "FloJackExample" */;
			buildPhases = (
				1559F28A16517FF100B43633 /* Sources */,
				1559F28B16517FF100B43633 /* Frameworks */,
				1559F28C16517FF100B43633 /* Resources */,
			);
			buildRules = (
			);
			dependencies = (
			);
			name = FloJackExample;
			productName = FloJackExample;
			productReference = 1559F28E16517FF100B43633 /* FloJackExample.app */;
			productType = "com.apple.product-type.application";
		};
		15C4B2CB15C832DF009DE0E5 /* FloJack */ = {
			isa = PBXNativeTarget;
			buildConfigurationList = 15C4B2F115C832E0009DE0E5 /* Build configuration list for PBXNativeTarget "FloJack" */;
			buildPhases = (
				15C4B2C815C832DF009DE0E5 /* Sources */,
				15C4B2C915C832DF009DE0E5 /* Frameworks */,
				15C4B2CA15C832DF009DE0E5 /* CopyFiles */,
			);
			buildRules = (
			);
			dependencies = (
			);
			name = FloJack;
			productName = FloJack;
			productReference = 15C4B2CC15C832E0009DE0E5 /* libFloJack.a */;
			productType = "com.apple.product-type.library.static";
		};
		15C4B2DC15C832E0009DE0E5 /* FloJackTests */ = {
			isa = PBXNativeTarget;
			buildConfigurationList = 15C4B2F415C832E0009DE0E5 /* Build configuration list for PBXNativeTarget "FloJackTests" */;
			buildPhases = (
				15C4B2D815C832E0009DE0E5 /* Sources */,
				15C4B2D915C832E0009DE0E5 /* Frameworks */,
				15C4B2DA15C832E0009DE0E5 /* Resources */,
				15C4B2DB15C832E0009DE0E5 /* ShellScript */,
			);
			buildRules = (
			);
			dependencies = (
				15C4B2E415C832E0009DE0E5 /* PBXTargetDependency */,
			);
			name = FloJackTests;
			productName = FloJackTests;
			productReference = 15C4B2DD15C832E0009DE0E5 /* FloJackTests.octest */;
			productType = "com.apple.product-type.bundle.ocunit-test";
		};
/* End PBXNativeTarget section */

/* Begin PBXProject section */
		15C4B2C315C832DF009DE0E5 /* Project object */ = {
			isa = PBXProject;
			attributes = {
				LastUpgradeCheck = 0610;
				ORGANIZATIONNAME = "John Bullard";
			};
			buildConfigurationList = 15C4B2C615C832DF009DE0E5 /* Build configuration list for PBXProject "FloJack" */;
			compatibilityVersion = "Xcode 3.2";
			developmentRegion = English;
			hasScannedForEncodings = 0;
			knownRegions = (
				en,
			);
			mainGroup = 15C4B2C115C832DF009DE0E5;
			productRefGroup = 15C4B2CD15C832E0009DE0E5 /* Products */;
			projectDirPath = "";
			projectRoot = "";
			targets = (
				15C4B2CB15C832DF009DE0E5 /* FloJack */,
				15C4B2DC15C832E0009DE0E5 /* FloJackTests */,
				1559F28D16517FF100B43633 /* FloJackExample */,
			);
		};
/* End PBXProject section */

/* Begin PBXResourcesBuildPhase section */
		1559F28C16517FF100B43633 /* Resources */ = {
			isa = PBXResourcesBuildPhase;
			buildActionMask = 2147483647;
			files = (
				1559F29816517FF100B43633 /* InfoPlist.strings in Resources */,
				1559F2A016517FF100B43633 /* Default.png in Resources */,
				1559F2A216517FF100B43633 /* Default@2x.png in Resources */,
				1559F2A416517FF100B43633 /* Default-568h@2x.png in Resources */,
				1559F2AA16517FF100B43633 /* TagReadWriteViewController~iphone.xib in Resources */,
				1559F2B21651811300B43633 /* TagReadWriteViewController.xib in Resources */,
				158EEF9F16B9E50500574748 /* scan_sound.mp3 in Resources */,
				EF38A7E717B82A7900684263 /* Icon-72.png in Resources */,
				EF38A7E817B82A7900684263 /* Icon-72@2x.png in Resources */,
				EF38A7E917B82A7900684263 /* Icon-Small-50.png in Resources */,
				EF38A7EA17B82A7900684263 /* Icon-Small-50@2x.png in Resources */,
				EF38A7EB17B82A7900684263 /* Icon-Small.png in Resources */,
				EF38A7EC17B82A7900684263 /* Icon-Small@2x.png in Resources */,
				EF38A7ED17B82A7900684263 /* Icon.png in Resources */,
				EF38A7EE17B82A7900684263 /* Icon@2x.png in Resources */,
			);
			runOnlyForDeploymentPostprocessing = 0;
		};
		15C4B2DA15C832E0009DE0E5 /* Resources */ = {
			isa = PBXResourcesBuildPhase;
			buildActionMask = 2147483647;
			files = (
				15C4B2EB15C832E0009DE0E5 /* InfoPlist.strings in Resources */,
			);
			runOnlyForDeploymentPostprocessing = 0;
		};
/* End PBXResourcesBuildPhase section */

/* Begin PBXShellScriptBuildPhase section */
		15C4B2DB15C832E0009DE0E5 /* ShellScript */ = {
			isa = PBXShellScriptBuildPhase;
			buildActionMask = 2147483647;
			files = (
			);
			inputPaths = (
			);
			outputPaths = (
			);
			runOnlyForDeploymentPostprocessing = 0;
			shellPath = /bin/sh;
			shellScript = "# Run the unit tests in this test bundle.\n\"${SYSTEM_DEVELOPER_DIR}/Tools/RunUnitTests\"\n";
		};
/* End PBXShellScriptBuildPhase section */

/* Begin PBXSourcesBuildPhase section */
		1559F28A16517FF100B43633 /* Sources */ = {
			isa = PBXSourcesBuildPhase;
			buildActionMask = 2147483647;
			files = (
				1559F29A16517FF100B43633 /* main.m in Sources */,
				1559F29E16517FF100B43633 /* AppDelegate.m in Sources */,
				1559F2A716517FF100B43633 /* TagReadWriteViewController.mm in Sources */,
			);
			runOnlyForDeploymentPostprocessing = 0;
		};
		15C4B2C815C832DF009DE0E5 /* Sources */ = {
			isa = PBXSourcesBuildPhase;
			buildActionMask = 2147483647;
			files = (
				15C4B31015C83482009DE0E5 /* aurio_helper.cpp in Sources */,
				15C4B31515C83482009DE0E5 /* FJNFCAdapter.m in Sources */,
				15C4B45C15C85BE0009DE0E5 /* FJNFCTag.m in Sources */,
				15C4B46815C85DF8009DE0E5 /* CADebugMacros.mm in Sources */,
				15C4B46915C85DF8009DE0E5 /* CADebugPrintf.cpp in Sources */,
				15C4B46A15C85DF8009DE0E5 /* CAStreamBasicDescription.mm in Sources */,
				15C4B46B15C85DF8009DE0E5 /* CAXException.cpp in Sources */,
				15E188EB15DAC9E000AC0F72 /* FJNFCService.mm in Sources */,
				157C812E15DBFF2C00760BF2 /* FJMessage.m in Sources */,
				15F2EFFE16288072008FD352 /* FJNDEFMessage.m in Sources */,
				15F2F00316288A50008FD352 /* FJNDEFRecord.m in Sources */,
				1521848B164B68A6009A2E17 /* NSData+FJStringDisplay.m in Sources */,
				B734507719FB120A0044A5A6 /* FloBLEUart.m in Sources */,
			);
			runOnlyForDeploymentPostprocessing = 0;
		};
		15C4B2D815C832E0009DE0E5 /* Sources */ = {
			isa = PBXSourcesBuildPhase;
			buildActionMask = 2147483647;
			files = (
				15DBE7BE16FD62E70001CB14 /* FJNDEFURITests.m in Sources */,
				15C71B1616EE8AB600B92D07 /* NSData+FJStringDisplay.m in Sources */,
				15379C9016E5AB44006195F0 /* FJNFCTag.m in Sources */,
				15806A2516E40FFC00D98748 /* FJMessage.m in Sources */,
				15C4B2EE15C832E0009DE0E5 /* FloJackTests.m in Sources */,
				15F2EFFF16288072008FD352 /* FJNDEFMessage.m in Sources */,
				15F2F00416288A50008FD352 /* FJNDEFRecord.m in Sources */,
				151E36EC16E2863C0005B739 /* FJNDEFTests.m in Sources */,
				15379C8F16E574A2006195F0 /* FJMessageTests.m in Sources */,
				15A367D9172DD602006F6CA7 /* FJNFCTagTests.m in Sources */,
			);
			runOnlyForDeploymentPostprocessing = 0;
		};
/* End PBXSourcesBuildPhase section */

/* Begin PBXTargetDependency section */
		15C4B2E415C832E0009DE0E5 /* PBXTargetDependency */ = {
			isa = PBXTargetDependency;
			target = 15C4B2CB15C832DF009DE0E5 /* FloJack */;
			targetProxy = 15C4B2E315C832E0009DE0E5 /* PBXContainerItemProxy */;
		};
/* End PBXTargetDependency section */

/* Begin PBXVariantGroup section */
		1559F29616517FF100B43633 /* InfoPlist.strings */ = {
			isa = PBXVariantGroup;
			children = (
				1559F29716517FF100B43633 /* en */,
			);
			name = InfoPlist.strings;
			sourceTree = "<group>";
		};
		1559F2A816517FF100B43633 /* TagReadWriteViewController~iphone.xib */ = {
			isa = PBXVariantGroup;
			children = (
				1559F2A916517FF100B43633 /* en */,
			);
			name = "TagReadWriteViewController~iphone.xib";
			sourceTree = "<group>";
		};
		15C4B2E915C832E0009DE0E5 /* InfoPlist.strings */ = {
			isa = PBXVariantGroup;
			children = (
				15C4B2EA15C832E0009DE0E5 /* en */,
			);
			name = InfoPlist.strings;
			sourceTree = "<group>";
		};
/* End PBXVariantGroup section */

/* Begin XCBuildConfiguration section */
		1559F2AF16517FF100B43633 /* Debug */ = {
			isa = XCBuildConfiguration;
			buildSettings = {
				CLANG_CXX_LIBRARY = "libc++";
				CLANG_WARN_EMPTY_BODY = YES;
				CODE_SIGN_IDENTITY = "iPhone Developer: Richard Grundy (87Q5372TB5)";
				"CODE_SIGN_IDENTITY[sdk=iphoneos*]" = "iPhone Developer";
				FRAMEWORK_SEARCH_PATHS = (
					"$(inherited)",
					"\"$(SYSTEM_APPS_DIR)/Xcode.app/Contents/Developer/Library/Frameworks\"",
				);
				GCC_PRECOMPILE_PREFIX_HEADER = YES;
				GCC_PREFIX_HEADER = "FloJackExample/FloJackExample-Prefix.pch";
				INFOPLIST_FILE = "FloJackExample/FloJackExample-Info.plist";
				IPHONEOS_DEPLOYMENT_TARGET = 7.1;
				PRODUCT_NAME = "$(TARGET_NAME)";
				PROVISIONING_PROFILE = "9A7DBFAC-438E-4E5E-B8B0-C29464D1C32D";
				"PROVISIONING_PROFILE[sdk=iphoneos*]" = "";
				WRAPPER_EXTENSION = app;
			};
			name = Debug;
		};
		1559F2B016517FF100B43633 /* Release */ = {
			isa = XCBuildConfiguration;
			buildSettings = {
				CLANG_CXX_LIBRARY = "libc++";
				CLANG_WARN_EMPTY_BODY = YES;
				CODE_SIGN_IDENTITY = "iPhone Developer: Richard Grundy (87Q5372TB5)";
				"CODE_SIGN_IDENTITY[sdk=iphoneos*]" = "iPhone Developer";
				FRAMEWORK_SEARCH_PATHS = (
					"$(inherited)",
					"\"$(SYSTEM_APPS_DIR)/Xcode.app/Contents/Developer/Library/Frameworks\"",
				);
				GCC_PRECOMPILE_PREFIX_HEADER = YES;
				GCC_PREFIX_HEADER = "FloJackExample/FloJackExample-Prefix.pch";
				INFOPLIST_FILE = "FloJackExample/FloJackExample-Info.plist";
				IPHONEOS_DEPLOYMENT_TARGET = 7.1;
				OTHER_CFLAGS = "-DNS_BLOCK_ASSERTIONS=1";
				PRODUCT_NAME = "$(TARGET_NAME)";
				PROVISIONING_PROFILE = "9A7DBFAC-438E-4E5E-B8B0-C29464D1C32D";
				"PROVISIONING_PROFILE[sdk=iphoneos*]" = "";
				WRAPPER_EXTENSION = app;
			};
			name = Release;
		};
		15C4B2EF15C832E0009DE0E5 /* Debug */ = {
			isa = XCBuildConfiguration;
			buildSettings = {
				ALWAYS_SEARCH_USER_PATHS = NO;
				CLANG_CXX_LANGUAGE_STANDARD = "gnu++0x";
				CLANG_ENABLE_OBJC_ARC = YES;
				CLANG_WARN_BOOL_CONVERSION = YES;
				CLANG_WARN_CONSTANT_CONVERSION = YES;
				CLANG_WARN_EMPTY_BODY = YES;
				CLANG_WARN_ENUM_CONVERSION = YES;
				CLANG_WARN_INT_CONVERSION = YES;
				CLANG_WARN_UNREACHABLE_CODE = YES;
				CLANG_WARN__DUPLICATE_METHOD_MATCH = YES;
				COPY_PHASE_STRIP = NO;
				ENABLE_STRICT_OBJC_MSGSEND = YES;
				GCC_C_LANGUAGE_STANDARD = gnu99;
				GCC_DYNAMIC_NO_PIC = NO;
				GCC_INPUT_FILETYPE = sourcecode.cpp.objcpp;
				GCC_OPTIMIZATION_LEVEL = 0;
				GCC_PREPROCESSOR_DEFINITIONS = (
					"DEBUG=1",
					"$(inherited)",
				);
				GCC_SYMBOLS_PRIVATE_EXTERN = NO;
				GCC_THUMB_SUPPORT = NO;
				GCC_VERSION = com.apple.compilers.llvm.clang.1_0;
				GCC_WARN_64_TO_32_BIT_CONVERSION = YES;
				GCC_WARN_ABOUT_RETURN_TYPE = YES;
				GCC_WARN_UNDECLARED_SELECTOR = YES;
				GCC_WARN_UNINITIALIZED_AUTOS = YES;
				GCC_WARN_UNUSED_FUNCTION = YES;
				GCC_WARN_UNUSED_VARIABLE = YES;
				INSTALL_PATH = "$(BUILT_PRODUCTS_DIR)";
				IPHONEOS_DEPLOYMENT_TARGET = 7.1;
				ONLY_ACTIVE_ARCH = YES;
				OTHER_LDFLAGS = (
					"-ObjC",
					"-all_load",
				);
				PUBLIC_HEADERS_FOLDER_PATH = "$(TARGET_NAME)";
				SDKROOT = iphoneos;
				TARGETED_DEVICE_FAMILY = "1,2";
			};
			name = Debug;
		};
		15C4B2F015C832E0009DE0E5 /* Release */ = {
			isa = XCBuildConfiguration;
			buildSettings = {
				ALWAYS_SEARCH_USER_PATHS = NO;
				CLANG_CXX_LANGUAGE_STANDARD = "gnu++0x";
				CLANG_ENABLE_OBJC_ARC = YES;
				CLANG_WARN_BOOL_CONVERSION = YES;
				CLANG_WARN_CONSTANT_CONVERSION = YES;
				CLANG_WARN_EMPTY_BODY = YES;
				CLANG_WARN_ENUM_CONVERSION = YES;
				CLANG_WARN_INT_CONVERSION = YES;
				CLANG_WARN_UNREACHABLE_CODE = YES;
				CLANG_WARN__DUPLICATE_METHOD_MATCH = YES;
				COPY_PHASE_STRIP = YES;
				ENABLE_STRICT_OBJC_MSGSEND = YES;
				GCC_C_LANGUAGE_STANDARD = gnu99;
				GCC_INPUT_FILETYPE = sourcecode.cpp.objcpp;
				GCC_THUMB_SUPPORT = NO;
				GCC_VERSION = com.apple.compilers.llvm.clang.1_0;
				GCC_WARN_64_TO_32_BIT_CONVERSION = YES;
				GCC_WARN_ABOUT_RETURN_TYPE = YES;
				GCC_WARN_UNDECLARED_SELECTOR = YES;
				GCC_WARN_UNINITIALIZED_AUTOS = YES;
				GCC_WARN_UNUSED_FUNCTION = YES;
				GCC_WARN_UNUSED_VARIABLE = YES;
				INSTALL_PATH = "$(BUILT_PRODUCTS_DIR)";
				IPHONEOS_DEPLOYMENT_TARGET = 7.1;
				OTHER_LDFLAGS = (
					"-ObjC",
					"-all_load",
				);
				PUBLIC_HEADERS_FOLDER_PATH = "$(TARGET_NAME)";
				SDKROOT = iphoneos;
				TARGETED_DEVICE_FAMILY = "1,2";
				VALIDATE_PRODUCT = YES;
			};
			name = Release;
		};
		15C4B2F215C832E0009DE0E5 /* Debug */ = {
			isa = XCBuildConfiguration;
			buildSettings = {
				CLANG_CXX_LANGUAGE_STANDARD = "compiler-default";
				CLANG_ENABLE_OBJC_ARC = YES;
				CLANG_WARN__DUPLICATE_METHOD_MATCH = NO;
				DSTROOT = /tmp/FloJack.dst;
				FRAMEWORK_SEARCH_PATHS = /Applications/Xcode.app/Contents/Developer/Platforms/iPhoneOS.platform/Developer/SDKs/iPhoneOS5.1.sdk/System/Frameworks;
				GCC_C_LANGUAGE_STANDARD = c99;
				GCC_INLINES_ARE_PRIVATE_EXTERN = YES;
				GCC_INPUT_FILETYPE = sourcecode.cpp.objcpp;
				GCC_PRECOMPILE_PREFIX_HEADER = YES;
				GCC_PREFIX_HEADER = "FloJack/FloJack-Prefix.pch";
				GCC_VERSION = com.apple.compilers.llvm.clang.1_0;
				GENERATE_PKGINFO_FILE = YES;
				INSTALL_PATH = "$(BUILT_PRODUCTS_DIR)";
				LIBRARY_SEARCH_PATHS = /Applications/Xcode.app/Contents/Developer/Platforms/iPhoneOS.platform/Developer/SDKs/iPhoneOS5.1.sdk/System/Library;
				OTHER_LDFLAGS = (
					"-all_load",
					"-ObjC",
				);
				PRODUCT_NAME = "$(TARGET_NAME)";
				PUBLIC_HEADERS_FOLDER_PATH = "$(TARGET_NAME)";
				SEPARATE_STRIP = NO;
				SKIP_INSTALL = YES;
				STRIP_STYLE = all;
				TARGETED_DEVICE_FAMILY = "1,2";
			};
			name = Debug;
		};
		15C4B2F315C832E0009DE0E5 /* Release */ = {
			isa = XCBuildConfiguration;
			buildSettings = {
				CLANG_CXX_LANGUAGE_STANDARD = "compiler-default";
				CLANG_ENABLE_OBJC_ARC = YES;
				CLANG_WARN__DUPLICATE_METHOD_MATCH = NO;
				COPY_PHASE_STRIP = NO;
				DSTROOT = /tmp/FloJack.dst;
				FRAMEWORK_SEARCH_PATHS = /Applications/Xcode.app/Contents/Developer/Platforms/iPhoneOS.platform/Developer/SDKs/iPhoneOS5.1.sdk/System/Frameworks;
				GCC_C_LANGUAGE_STANDARD = c99;
				GCC_INLINES_ARE_PRIVATE_EXTERN = YES;
				GCC_INPUT_FILETYPE = sourcecode.cpp.objcpp;
				GCC_PRECOMPILE_PREFIX_HEADER = YES;
				GCC_PREFIX_HEADER = "FloJack/FloJack-Prefix.pch";
				GCC_VERSION = com.apple.compilers.llvm.clang.1_0;
				GENERATE_PKGINFO_FILE = YES;
				INSTALL_PATH = "$(BUILT_PRODUCTS_DIR)";
				LIBRARY_SEARCH_PATHS = /Applications/Xcode.app/Contents/Developer/Platforms/iPhoneOS.platform/Developer/SDKs/iPhoneOS5.1.sdk/System/Library;
				OTHER_LDFLAGS = (
					"-all_load",
					"-ObjC",
				);
				PRODUCT_NAME = "$(TARGET_NAME)";
				PUBLIC_HEADERS_FOLDER_PATH = "$(TARGET_NAME)";
				SEPARATE_STRIP = NO;
				SKIP_INSTALL = YES;
				STRIP_STYLE = debugging;
				TARGETED_DEVICE_FAMILY = "1,2";
			};
			name = Release;
		};
		15C4B2F515C832E0009DE0E5 /* Debug */ = {
			isa = XCBuildConfiguration;
			buildSettings = {
				ALWAYS_SEARCH_USER_PATHS = NO;
				CLANG_CXX_LANGUAGE_STANDARD = "compiler-default";
				FRAMEWORK_SEARCH_PATHS = (
					"\"$(SDKROOT)/Developer/Library/Frameworks\"",
					"\"$(DEVELOPER_LIBRARY_DIR)/Frameworks\"",
				);
				GCC_C_LANGUAGE_STANDARD = c99;
				GCC_INPUT_FILETYPE = sourcecode.cpp.objcpp;
				GCC_PRECOMPILE_PREFIX_HEADER = YES;
				GCC_PREFIX_HEADER = "FloJack/FloJack-Prefix.pch";
				INFOPLIST_FILE = "FloJackTests/FloJackTests-Info.plist";
				PRODUCT_NAME = "$(TARGET_NAME)";
				WRAPPER_EXTENSION = octest;
			};
			name = Debug;
		};
		15C4B2F615C832E0009DE0E5 /* Release */ = {
			isa = XCBuildConfiguration;
			buildSettings = {
				ALWAYS_SEARCH_USER_PATHS = NO;
				CLANG_CXX_LANGUAGE_STANDARD = "compiler-default";
				FRAMEWORK_SEARCH_PATHS = (
					"\"$(SDKROOT)/Developer/Library/Frameworks\"",
					"\"$(DEVELOPER_LIBRARY_DIR)/Frameworks\"",
				);
				GCC_C_LANGUAGE_STANDARD = c99;
				GCC_INPUT_FILETYPE = sourcecode.cpp.objcpp;
				GCC_PRECOMPILE_PREFIX_HEADER = YES;
				GCC_PREFIX_HEADER = "FloJack/FloJack-Prefix.pch";
				INFOPLIST_FILE = "FloJackTests/FloJackTests-Info.plist";
				PRODUCT_NAME = "$(TARGET_NAME)";
				WRAPPER_EXTENSION = octest;
			};
			name = Release;
		};
/* End XCBuildConfiguration section */

/* Begin XCConfigurationList section */
		1559F2AE16517FF100B43633 /* Build configuration list for PBXNativeTarget "FloJackExample" */ = {
			isa = XCConfigurationList;
			buildConfigurations = (
				1559F2AF16517FF100B43633 /* Debug */,
				1559F2B016517FF100B43633 /* Release */,
			);
			defaultConfigurationIsVisible = 0;
			defaultConfigurationName = Release;
		};
		15C4B2C615C832DF009DE0E5 /* Build configuration list for PBXProject "FloJack" */ = {
			isa = XCConfigurationList;
			buildConfigurations = (
				15C4B2EF15C832E0009DE0E5 /* Debug */,
				15C4B2F015C832E0009DE0E5 /* Release */,
			);
			defaultConfigurationIsVisible = 0;
			defaultConfigurationName = Release;
		};
		15C4B2F115C832E0009DE0E5 /* Build configuration list for PBXNativeTarget "FloJack" */ = {
			isa = XCConfigurationList;
			buildConfigurations = (
				15C4B2F215C832E0009DE0E5 /* Debug */,
				15C4B2F315C832E0009DE0E5 /* Release */,
			);
			defaultConfigurationIsVisible = 0;
			defaultConfigurationName = Release;
		};
		15C4B2F415C832E0009DE0E5 /* Build configuration list for PBXNativeTarget "FloJackTests" */ = {
			isa = XCConfigurationList;
			buildConfigurations = (
				15C4B2F515C832E0009DE0E5 /* Debug */,
				15C4B2F615C832E0009DE0E5 /* Release */,
			);
			defaultConfigurationIsVisible = 0;
			defaultConfigurationName = Release;
		};
/* End XCConfigurationList section */
	};
	rootObject = 15C4B2C315C832DF009DE0E5 /* Project object */;
}
