// !$*UTF8*$!
{
	archiveVersion = 1;
	classes = {
	};
	objectVersion = 46;
	objects = {

/* Begin PBXBuildFile section */
		565B8AB71C5A04B3007E3F7E /* libACSBluetooth.a in Frameworks */ = {isa = PBXBuildFile; fileRef = 565B8AB61C5A04B3007E3F7E /* libACSBluetooth.a */; };
		56EF715F196BC7410026CFD7 /* Cocoa.framework in Frameworks */ = {isa = PBXBuildFile; fileRef = 56EF715E196BC7410026CFD7 /* Cocoa.framework */; };
		56EF7169196BC7410026CFD7 /* InfoPlist.strings in Resources */ = {isa = PBXBuildFile; fileRef = 56EF7167196BC7410026CFD7 /* InfoPlist.strings */; };
		56EF716B196BC7410026CFD7 /* main.m in Sources */ = {isa = PBXBuildFile; fileRef = 56EF716A196BC7410026CFD7 /* main.m */; };
		56EF716F196BC7410026CFD7 /* Credits.rtf in Resources */ = {isa = PBXBuildFile; fileRef = 56EF716D196BC7410026CFD7 /* Credits.rtf */; };
		56EF7172196BC7410026CFD7 /* ABDAppDelegate.m in Sources */ = {isa = PBXBuildFile; fileRef = 56EF7171196BC7410026CFD7 /* ABDAppDelegate.m */; };
		56EF7175196BC7410026CFD7 /* MainMenu.xib in Resources */ = {isa = PBXBuildFile; fileRef = 56EF7173196BC7410026CFD7 /* MainMenu.xib */; };
		56EF7177196BC7410026CFD7 /* Images.xcassets in Resources */ = {isa = PBXBuildFile; fileRef = 56EF7176196BC7410026CFD7 /* Images.xcassets */; };
		56EF717E196BC7410026CFD7 /* XCTest.framework in Frameworks */ = {isa = PBXBuildFile; fileRef = 56EF717D196BC7410026CFD7 /* XCTest.framework */; };
		56EF717F196BC7410026CFD7 /* Cocoa.framework in Frameworks */ = {isa = PBXBuildFile; fileRef = 56EF715E196BC7410026CFD7 /* Cocoa.framework */; };
		56EF7187196BC7410026CFD7 /* InfoPlist.strings in Resources */ = {isa = PBXBuildFile; fileRef = 56EF7185196BC7410026CFD7 /* InfoPlist.strings */; };
		56EF7189196BC7410026CFD7 /* BTDemoTests.m in Sources */ = {isa = PBXBuildFile; fileRef = 56EF7188196BC7410026CFD7 /* BTDemoTests.m */; };
		56F300C7196E644F001FBEE3 /* ABDHex.m in Sources */ = {isa = PBXBuildFile; fileRef = 56F300C6196E644F001FBEE3 /* ABDHex.m */; };
/* End PBXBuildFile section */

/* Begin PBXContainerItemProxy section */
		56EF7180196BC7410026CFD7 /* PBXContainerItemProxy */ = {
			isa = PBXContainerItemProxy;
			containerPortal = 56EF7153196BC7410026CFD7 /* Project object */;
			proxyType = 1;
			remoteGlobalIDString = 56EF715A196BC7410026CFD7;
			remoteInfo = BTDemo;
		};
/* End PBXContainerItemProxy section */

/* Begin PBXCopyFilesBuildPhase section */
		56475B531974F8FE00C1898D /* CopyFiles */ = {
			isa = PBXCopyFilesBuildPhase;
			buildActionMask = 2147483647;
			dstPath = "";
			dstSubfolderSpec = 10;
			files = (
			);
			runOnlyForDeploymentPostprocessing = 0;
		};
/* End PBXCopyFilesBuildPhase section */

/* Begin PBXFileReference section */
		565B8AB01C5A04B3007E3F7E /* ABTAcr1255uj1Reader.h */ = {isa = PBXFileReference; fileEncoding = 4; lastKnownFileType = sourcecode.c.h; path = ABTAcr1255uj1Reader.h; sourceTree = "<group>"; };
		565B8AB11C5A04B3007E3F7E /* ABTAcr3901us1Reader.h */ = {isa = PBXFileReference; fileEncoding = 4; lastKnownFileType = sourcecode.c.h; path = ABTAcr3901us1Reader.h; sourceTree = "<group>"; };
		565B8AB21C5A04B3007E3F7E /* ABTBluetoothReader.h */ = {isa = PBXFileReference; fileEncoding = 4; lastKnownFileType = sourcecode.c.h; path = ABTBluetoothReader.h; sourceTree = "<group>"; };
		565B8AB31C5A04B3007E3F7E /* ABTBluetoothReaderManager.h */ = {isa = PBXFileReference; fileEncoding = 4; lastKnownFileType = sourcecode.c.h; path = ABTBluetoothReaderManager.h; sourceTree = "<group>"; };
		565B8AB41C5A04B3007E3F7E /* ABTError.h */ = {isa = PBXFileReference; fileEncoding = 4; lastKnownFileType = sourcecode.c.h; path = ABTError.h; sourceTree = "<group>"; };
		565B8AB51C5A04B3007E3F7E /* ACSBluetooth.h */ = {isa = PBXFileReference; fileEncoding = 4; lastKnownFileType = sourcecode.c.h; path = ACSBluetooth.h; sourceTree = "<group>"; };
		565B8AB61C5A04B3007E3F7E /* libACSBluetooth.a */ = {isa = PBXFileReference; lastKnownFileType = archive.ar; path = libACSBluetooth.a; sourceTree = "<group>"; };
		56EF715B196BC7410026CFD7 /* BTDemo.app */ = {isa = PBXFileReference; explicitFileType = wrapper.application; includeInIndex = 0; path = BTDemo.app; sourceTree = BUILT_PRODUCTS_DIR; };
		56EF715E196BC7410026CFD7 /* Cocoa.framework */ = {isa = PBXFileReference; lastKnownFileType = wrapper.framework; name = Cocoa.framework; path = System/Library/Frameworks/Cocoa.framework; sourceTree = SDKROOT; };
		56EF7161196BC7410026CFD7 /* AppKit.framework */ = {isa = PBXFileReference; lastKnownFileType = wrapper.framework; name = AppKit.framework; path = System/Library/Frameworks/AppKit.framework; sourceTree = SDKROOT; };
		56EF7162196BC7410026CFD7 /* CoreData.framework */ = {isa = PBXFileReference; lastKnownFileType = wrapper.framework; name = CoreData.framework; path = System/Library/Frameworks/CoreData.framework; sourceTree = SDKROOT; };
		56EF7163196BC7410026CFD7 /* Foundation.framework */ = {isa = PBXFileReference; lastKnownFileType = wrapper.framework; name = Foundation.framework; path = System/Library/Frameworks/Foundation.framework; sourceTree = SDKROOT; };
		56EF7166196BC7410026CFD7 /* BTDemo-Info.plist */ = {isa = PBXFileReference; lastKnownFileType = text.plist.xml; path = "BTDemo-Info.plist"; sourceTree = "<group>"; };
		56EF7168196BC7410026CFD7 /* en */ = {isa = PBXFileReference; lastKnownFileType = text.plist.strings; name = en; path = en.lproj/InfoPlist.strings; sourceTree = "<group>"; };
		56EF716A196BC7410026CFD7 /* main.m */ = {isa = PBXFileReference; lastKnownFileType = sourcecode.c.objc; path = main.m; sourceTree = "<group>"; };
		56EF716C196BC7410026CFD7 /* BTDemo-Prefix.pch */ = {isa = PBXFileReference; lastKnownFileType = sourcecode.c.h; path = "BTDemo-Prefix.pch"; sourceTree = "<group>"; };
		56EF716E196BC7410026CFD7 /* en */ = {isa = PBXFileReference; lastKnownFileType = text.rtf; name = en; path = en.lproj/Credits.rtf; sourceTree = "<group>"; };
		56EF7170196BC7410026CFD7 /* ABDAppDelegate.h */ = {isa = PBXFileReference; lastKnownFileType = sourcecode.c.h; path = ABDAppDelegate.h; sourceTree = "<group>"; };
		56EF7171196BC7410026CFD7 /* ABDAppDelegate.m */ = {isa = PBXFileReference; lastKnownFileType = sourcecode.c.objc; path = ABDAppDelegate.m; sourceTree = "<group>"; };
		56EF7174196BC7410026CFD7 /* Base */ = {isa = PBXFileReference; lastKnownFileType = file.xib; name = Base; path = Base.lproj/MainMenu.xib; sourceTree = "<group>"; };
		56EF7176196BC7410026CFD7 /* Images.xcassets */ = {isa = PBXFileReference; lastKnownFileType = folder.assetcatalog; path = Images.xcassets; sourceTree = "<group>"; };
		56EF717C196BC7410026CFD7 /* BTDemoTests.xctest */ = {isa = PBXFileReference; explicitFileType = wrapper.cfbundle; includeInIndex = 0; path = BTDemoTests.xctest; sourceTree = BUILT_PRODUCTS_DIR; };
		56EF717D196BC7410026CFD7 /* XCTest.framework */ = {isa = PBXFileReference; lastKnownFileType = wrapper.framework; name = XCTest.framework; path = Library/Frameworks/XCTest.framework; sourceTree = DEVELOPER_DIR; };
		56EF7184196BC7410026CFD7 /* BTDemoTests-Info.plist */ = {isa = PBXFileReference; lastKnownFileType = text.plist.xml; path = "BTDemoTests-Info.plist"; sourceTree = "<group>"; };
		56EF7186196BC7410026CFD7 /* en */ = {isa = PBXFileReference; lastKnownFileType = text.plist.strings; name = en; path = en.lproj/InfoPlist.strings; sourceTree = "<group>"; };
		56EF7188196BC7410026CFD7 /* BTDemoTests.m */ = {isa = PBXFileReference; lastKnownFileType = sourcecode.c.objc; path = BTDemoTests.m; sourceTree = "<group>"; };
		56F300C5196E644F001FBEE3 /* ABDHex.h */ = {isa = PBXFileReference; fileEncoding = 4; lastKnownFileType = sourcecode.c.h; path = ABDHex.h; sourceTree = "<group>"; };
		56F300C6196E644F001FBEE3 /* ABDHex.m */ = {isa = PBXFileReference; fileEncoding = 4; lastKnownFileType = sourcecode.c.objc; path = ABDHex.m; sourceTree = "<group>"; };
/* End PBXFileReference section */

/* Begin PBXFrameworksBuildPhase section */
		56EF7158196BC7410026CFD7 /* Frameworks */ = {
			isa = PBXFrameworksBuildPhase;
			buildActionMask = 2147483647;
			files = (
				565B8AB71C5A04B3007E3F7E /* libACSBluetooth.a in Frameworks */,
				56EF715F196BC7410026CFD7 /* Cocoa.framework in Frameworks */,
			);
			runOnlyForDeploymentPostprocessing = 0;
		};
		56EF7179196BC7410026CFD7 /* Frameworks */ = {
			isa = PBXFrameworksBuildPhase;
			buildActionMask = 2147483647;
			files = (
				56EF717F196BC7410026CFD7 /* Cocoa.framework in Frameworks */,
				56EF717E196BC7410026CFD7 /* XCTest.framework in Frameworks */,
			);
			runOnlyForDeploymentPostprocessing = 0;
		};
/* End PBXFrameworksBuildPhase section */

/* Begin PBXGroup section */
		565B8AAF1C5A04B3007E3F7E /* ACSBluetooth */ = {
			isa = PBXGroup;
			children = (
				565B8AB01C5A04B3007E3F7E /* ABTAcr1255uj1Reader.h */,
				565B8AB11C5A04B3007E3F7E /* ABTAcr3901us1Reader.h */,
				565B8AB21C5A04B3007E3F7E /* ABTBluetoothReader.h */,
				565B8AB31C5A04B3007E3F7E /* ABTBluetoothReaderManager.h */,
				565B8AB41C5A04B3007E3F7E /* ABTError.h */,
				565B8AB51C5A04B3007E3F7E /* ACSBluetooth.h */,
				565B8AB61C5A04B3007E3F7E /* libACSBluetooth.a */,
			);
			path = ACSBluetooth;
			sourceTree = "<group>";
		};
		56EF7152196BC7410026CFD7 = {
			isa = PBXGroup;
			children = (
				565B8AAF1C5A04B3007E3F7E /* ACSBluetooth */,
				56EF7164196BC7410026CFD7 /* BTDemo */,
				56EF7182196BC7410026CFD7 /* BTDemoTests */,
				56EF715D196BC7410026CFD7 /* Frameworks */,
				56EF715C196BC7410026CFD7 /* Products */,
			);
			sourceTree = "<group>";
		};
		56EF715C196BC7410026CFD7 /* Products */ = {
			isa = PBXGroup;
			children = (
				56EF715B196BC7410026CFD7 /* BTDemo.app */,
				56EF717C196BC7410026CFD7 /* BTDemoTests.xctest */,
			);
			name = Products;
			sourceTree = "<group>";
		};
		56EF715D196BC7410026CFD7 /* Frameworks */ = {
			isa = PBXGroup;
			children = (
				56EF715E196BC7410026CFD7 /* Cocoa.framework */,
				56EF717D196BC7410026CFD7 /* XCTest.framework */,
				56EF7160196BC7410026CFD7 /* Other Frameworks */,
			);
			name = Frameworks;
			sourceTree = "<group>";
		};
		56EF7160196BC7410026CFD7 /* Other Frameworks */ = {
			isa = PBXGroup;
			children = (
				56EF7161196BC7410026CFD7 /* AppKit.framework */,
				56EF7162196BC7410026CFD7 /* CoreData.framework */,
				56EF7163196BC7410026CFD7 /* Foundation.framework */,
			);
			name = "Other Frameworks";
			sourceTree = "<group>";
		};
		56EF7164196BC7410026CFD7 /* BTDemo */ = {
			isa = PBXGroup;
			children = (
				56EF7170196BC7410026CFD7 /* ABDAppDelegate.h */,
				56EF7171196BC7410026CFD7 /* ABDAppDelegate.m */,
				56F300C5196E644F001FBEE3 /* ABDHex.h */,
				56F300C6196E644F001FBEE3 /* ABDHex.m */,
				56EF7176196BC7410026CFD7 /* Images.xcassets */,
				56EF7173196BC7410026CFD7 /* MainMenu.xib */,
				56EF7165196BC7410026CFD7 /* Supporting Files */,
			);
			path = BTDemo;
			sourceTree = "<group>";
		};
		56EF7165196BC7410026CFD7 /* Supporting Files */ = {
			isa = PBXGroup;
			children = (
				56EF7166196BC7410026CFD7 /* BTDemo-Info.plist */,
				56EF7167196BC7410026CFD7 /* InfoPlist.strings */,
				56EF716A196BC7410026CFD7 /* main.m */,
				56EF716C196BC7410026CFD7 /* BTDemo-Prefix.pch */,
				56EF716D196BC7410026CFD7 /* Credits.rtf */,
			);
			name = "Supporting Files";
			sourceTree = "<group>";
		};
		56EF7182196BC7410026CFD7 /* BTDemoTests */ = {
			isa = PBXGroup;
			children = (
				56EF7188196BC7410026CFD7 /* BTDemoTests.m */,
				56EF7183196BC7410026CFD7 /* Supporting Files */,
			);
			path = BTDemoTests;
			sourceTree = "<group>";
		};
		56EF7183196BC7410026CFD7 /* Supporting Files */ = {
			isa = PBXGroup;
			children = (
				56EF7184196BC7410026CFD7 /* BTDemoTests-Info.plist */,
				56EF7185196BC7410026CFD7 /* InfoPlist.strings */,
			);
			name = "Supporting Files";
			sourceTree = "<group>";
		};
/* End PBXGroup section */

/* Begin PBXNativeTarget section */
		56EF715A196BC7410026CFD7 /* BTDemo */ = {
			isa = PBXNativeTarget;
			buildConfigurationList = 56EF718C196BC7410026CFD7 /* Build configuration list for PBXNativeTarget "BTDemo" */;
			buildPhases = (
				56EF7157196BC7410026CFD7 /* Sources */,
				56EF7158196BC7410026CFD7 /* Frameworks */,
				56EF7159196BC7410026CFD7 /* Resources */,
				56475B531974F8FE00C1898D /* CopyFiles */,
			);
			buildRules = (
			);
			dependencies = (
			);
			name = BTDemo;
			productName = BTDemo;
			productReference = 56EF715B196BC7410026CFD7 /* BTDemo.app */;
			productType = "com.apple.product-type.application";
		};
		56EF717B196BC7410026CFD7 /* BTDemoTests */ = {
			isa = PBXNativeTarget;
			buildConfigurationList = 56EF718F196BC7410026CFD7 /* Build configuration list for PBXNativeTarget "BTDemoTests" */;
			buildPhases = (
				56EF7178196BC7410026CFD7 /* Sources */,
				56EF7179196BC7410026CFD7 /* Frameworks */,
				56EF717A196BC7410026CFD7 /* Resources */,
			);
			buildRules = (
			);
			dependencies = (
				56EF7181196BC7410026CFD7 /* PBXTargetDependency */,
			);
			name = BTDemoTests;
			productName = BTDemoTests;
			productReference = 56EF717C196BC7410026CFD7 /* BTDemoTests.xctest */;
			productType = "com.apple.product-type.bundle.unit-test";
		};
/* End PBXNativeTarget section */

/* Begin PBXProject section */
		56EF7153196BC7410026CFD7 /* Project object */ = {
			isa = PBXProject;
			attributes = {
				CLASSPREFIX = ABD;
				LastUpgradeCheck = 0720;
				ORGANIZATIONNAME = "Advanced Card Systems Ltd.";
				TargetAttributes = {
					56EF717B196BC7410026CFD7 = {
						TestTargetID = 56EF715A196BC7410026CFD7;
					};
				};
			};
			buildConfigurationList = 56EF7156196BC7410026CFD7 /* Build configuration list for PBXProject "BTDemo" */;
			compatibilityVersion = "Xcode 3.2";
			developmentRegion = English;
			hasScannedForEncodings = 0;
			knownRegions = (
				en,
				Base,
			);
			mainGroup = 56EF7152196BC7410026CFD7;
			productRefGroup = 56EF715C196BC7410026CFD7 /* Products */;
			projectDirPath = "";
			projectRoot = "";
			targets = (
				56EF715A196BC7410026CFD7 /* BTDemo */,
				56EF717B196BC7410026CFD7 /* BTDemoTests */,
			);
		};
/* End PBXProject section */

/* Begin PBXResourcesBuildPhase section */
		56EF7159196BC7410026CFD7 /* Resources */ = {
			isa = PBXResourcesBuildPhase;
			buildActionMask = 2147483647;
			files = (
				56EF7169196BC7410026CFD7 /* InfoPlist.strings in Resources */,
				56EF7177196BC7410026CFD7 /* Images.xcassets in Resources */,
				56EF716F196BC7410026CFD7 /* Credits.rtf in Resources */,
				56EF7175196BC7410026CFD7 /* MainMenu.xib in Resources */,
			);
			runOnlyForDeploymentPostprocessing = 0;
		};
		56EF717A196BC7410026CFD7 /* Resources */ = {
			isa = PBXResourcesBuildPhase;
			buildActionMask = 2147483647;
			files = (
				56EF7187196BC7410026CFD7 /* InfoPlist.strings in Resources */,
			);
			runOnlyForDeploymentPostprocessing = 0;
		};
/* End PBXResourcesBuildPhase section */

/* Begin PBXSourcesBuildPhase section */
		56EF7157196BC7410026CFD7 /* Sources */ = {
			isa = PBXSourcesBuildPhase;
			buildActionMask = 2147483647;
			files = (
				56EF7172196BC7410026CFD7 /* ABDAppDelegate.m in Sources */,
				56F300C7196E644F001FBEE3 /* ABDHex.m in Sources */,
				56EF716B196BC7410026CFD7 /* main.m in Sources */,
			);
			runOnlyForDeploymentPostprocessing = 0;
		};
		56EF7178196BC7410026CFD7 /* Sources */ = {
			isa = PBXSourcesBuildPhase;
			buildActionMask = 2147483647;
			files = (
				56EF7189196BC7410026CFD7 /* BTDemoTests.m in Sources */,
			);
			runOnlyForDeploymentPostprocessing = 0;
		};
/* End PBXSourcesBuildPhase section */

/* Begin PBXTargetDependency section */
		56EF7181196BC7410026CFD7 /* PBXTargetDependency */ = {
			isa = PBXTargetDependency;
			target = 56EF715A196BC7410026CFD7 /* BTDemo */;
			targetProxy = 56EF7180196BC7410026CFD7 /* PBXContainerItemProxy */;
		};
/* End PBXTargetDependency section */

/* Begin PBXVariantGroup section */
		56EF7167196BC7410026CFD7 /* InfoPlist.strings */ = {
			isa = PBXVariantGroup;
			children = (
				56EF7168196BC7410026CFD7 /* en */,
			);
			name = InfoPlist.strings;
			sourceTree = "<group>";
		};
		56EF716D196BC7410026CFD7 /* Credits.rtf */ = {
			isa = PBXVariantGroup;
			children = (
				56EF716E196BC7410026CFD7 /* en */,
			);
			name = Credits.rtf;
			sourceTree = "<group>";
		};
		56EF7173196BC7410026CFD7 /* MainMenu.xib */ = {
			isa = PBXVariantGroup;
			children = (
				56EF7174196BC7410026CFD7 /* Base */,
			);
			name = MainMenu.xib;
			sourceTree = "<group>";
		};
		56EF7185196BC7410026CFD7 /* InfoPlist.strings */ = {
			isa = PBXVariantGroup;
			children = (
				56EF7186196BC7410026CFD7 /* en */,
			);
			name = InfoPlist.strings;
			sourceTree = "<group>";
		};
/* End PBXVariantGroup section */

/* Begin XCBuildConfiguration section */
		56EF718A196BC7410026CFD7 /* Debug */ = {
			isa = XCBuildConfiguration;
			buildSettings = {
				ALWAYS_SEARCH_USER_PATHS = NO;
				CLANG_CXX_LANGUAGE_STANDARD = "gnu++0x";
				CLANG_CXX_LIBRARY = "libc++";
				CLANG_ENABLE_MODULES = YES;
				CLANG_ENABLE_OBJC_ARC = YES;
				CLANG_WARN_BOOL_CONVERSION = YES;
				CLANG_WARN_CONSTANT_CONVERSION = YES;
				CLANG_WARN_DIRECT_OBJC_ISA_USAGE = YES_ERROR;
				CLANG_WARN_EMPTY_BODY = YES;
				CLANG_WARN_ENUM_CONVERSION = YES;
				CLANG_WARN_INT_CONVERSION = YES;
				CLANG_WARN_OBJC_ROOT_CLASS = YES_ERROR;
				CLANG_WARN__DUPLICATE_METHOD_MATCH = YES;
				COPY_PHASE_STRIP = NO;
				ENABLE_TESTABILITY = YES;
				GCC_C_LANGUAGE_STANDARD = gnu99;
				GCC_DYNAMIC_NO_PIC = NO;
				GCC_ENABLE_OBJC_EXCEPTIONS = YES;
				GCC_OPTIMIZATION_LEVEL = 0;
				GCC_PREPROCESSOR_DEFINITIONS = (
					"DEBUG=1",
					"$(inherited)",
				);
				GCC_SYMBOLS_PRIVATE_EXTERN = NO;
				GCC_WARN_64_TO_32_BIT_CONVERSION = YES;
				GCC_WARN_ABOUT_RETURN_TYPE = YES_ERROR;
				GCC_WARN_UNDECLARED_SELECTOR = YES;
				GCC_WARN_UNINITIALIZED_AUTOS = YES_AGGRESSIVE;
				GCC_WARN_UNUSED_FUNCTION = YES;
				GCC_WARN_UNUSED_VARIABLE = YES;
				MACOSX_DEPLOYMENT_TARGET = 10.9;
				ONLY_ACTIVE_ARCH = YES;
				SDKROOT = macosx;
			};
			name = Debug;
		};
		56EF718B196BC7410026CFD7 /* Release */ = {
			isa = XCBuildConfiguration;
			buildSettings = {
				ALWAYS_SEARCH_USER_PATHS = NO;
				CLANG_CXX_LANGUAGE_STANDARD = "gnu++0x";
				CLANG_CXX_LIBRARY = "libc++";
				CLANG_ENABLE_MODULES = YES;
				CLANG_ENABLE_OBJC_ARC = YES;
				CLANG_WARN_BOOL_CONVERSION = YES;
				CLANG_WARN_CONSTANT_CONVERSION = YES;
				CLANG_WARN_DIRECT_OBJC_ISA_USAGE = YES_ERROR;
				CLANG_WARN_EMPTY_BODY = YES;
				CLANG_WARN_ENUM_CONVERSION = YES;
				CLANG_WARN_INT_CONVERSION = YES;
				CLANG_WARN_OBJC_ROOT_CLASS = YES_ERROR;
				CLANG_WARN__DUPLICATE_METHOD_MATCH = YES;
				COPY_PHASE_STRIP = YES;
				DEBUG_INFORMATION_FORMAT = "dwarf-with-dsym";
				ENABLE_NS_ASSERTIONS = NO;
				GCC_C_LANGUAGE_STANDARD = gnu99;
				GCC_ENABLE_OBJC_EXCEPTIONS = YES;
				GCC_WARN_64_TO_32_BIT_CONVERSION = YES;
				GCC_WARN_ABOUT_RETURN_TYPE = YES_ERROR;
				GCC_WARN_UNDECLARED_SELECTOR = YES;
				GCC_WARN_UNINITIALIZED_AUTOS = YES_AGGRESSIVE;
				GCC_WARN_UNUSED_FUNCTION = YES;
				GCC_WARN_UNUSED_VARIABLE = YES;
				MACOSX_DEPLOYMENT_TARGET = 10.9;
				SDKROOT = macosx;
			};
			name = Release;
		};
		56EF718D196BC7410026CFD7 /* Debug */ = {
			isa = XCBuildConfiguration;
			buildSettings = {
				ASSETCATALOG_COMPILER_APPICON_NAME = AppIcon;
				COMBINE_HIDPI_IMAGES = YES;
				GCC_PRECOMPILE_PREFIX_HEADER = YES;
				GCC_PREFIX_HEADER = "BTDemo/BTDemo-Prefix.pch";
				HEADER_SEARCH_PATHS = "$(PROJECT_DIR)";
				INFOPLIST_FILE = "BTDemo/BTDemo-Info.plist";
				LIBRARY_SEARCH_PATHS = (
					"$(inherited)",
					"$(PROJECT_DIR)/ACSBluetooth",
				);
				OTHER_LDFLAGS = "-ObjC";
				PRODUCT_BUNDLE_IDENTIFIER = "com.acs.${PRODUCT_NAME:rfc1034identifier}";
				PRODUCT_NAME = "$(TARGET_NAME)";
				WRAPPER_EXTENSION = app;
			};
			name = Debug;
		};
		56EF718E196BC7410026CFD7 /* Release */ = {
			isa = XCBuildConfiguration;
			buildSettings = {
				ASSETCATALOG_COMPILER_APPICON_NAME = AppIcon;
				COMBINE_HIDPI_IMAGES = YES;
				GCC_PRECOMPILE_PREFIX_HEADER = YES;
				GCC_PREFIX_HEADER = "BTDemo/BTDemo-Prefix.pch";
				HEADER_SEARCH_PATHS = "$(PROJECT_DIR)";
				INFOPLIST_FILE = "BTDemo/BTDemo-Info.plist";
				LIBRARY_SEARCH_PATHS = (
					"$(inherited)",
					"$(PROJECT_DIR)/ACSBluetooth",
				);
				OTHER_LDFLAGS = "-ObjC";
				PRODUCT_BUNDLE_IDENTIFIER = "com.acs.${PRODUCT_NAME:rfc1034identifier}";
				PRODUCT_NAME = "$(TARGET_NAME)";
				WRAPPER_EXTENSION = app;
			};
			name = Release;
		};
		56EF7190196BC7410026CFD7 /* Debug */ = {
			isa = XCBuildConfiguration;
			buildSettings = {
				BUNDLE_LOADER = "$(BUILT_PRODUCTS_DIR)/BTDemo.app/Contents/MacOS/BTDemo";
				COMBINE_HIDPI_IMAGES = YES;
				FRAMEWORK_SEARCH_PATHS = (
					"$(DEVELOPER_FRAMEWORKS_DIR)",
					"$(inherited)",
				);
				GCC_PRECOMPILE_PREFIX_HEADER = YES;
				GCC_PREFIX_HEADER = "BTDemo/BTDemo-Prefix.pch";
				GCC_PREPROCESSOR_DEFINITIONS = (
					"DEBUG=1",
					"$(inherited)",
				);
				INFOPLIST_FILE = "BTDemoTests/BTDemoTests-Info.plist";
				PRODUCT_BUNDLE_IDENTIFIER = "com.acs.${PRODUCT_NAME:rfc1034identifier}";
				PRODUCT_NAME = "$(TARGET_NAME)";
				TEST_HOST = "$(BUNDLE_LOADER)";
				WRAPPER_EXTENSION = xctest;
			};
			name = Debug;
		};
		56EF7191196BC7410026CFD7 /* Release */ = {
			isa = XCBuildConfiguration;
			buildSettings = {
				BUNDLE_LOADER = "$(BUILT_PRODUCTS_DIR)/BTDemo.app/Contents/MacOS/BTDemo";
				COMBINE_HIDPI_IMAGES = YES;
				FRAMEWORK_SEARCH_PATHS = (
					"$(DEVELOPER_FRAMEWORKS_DIR)",
					"$(inherited)",
				);
				GCC_PRECOMPILE_PREFIX_HEADER = YES;
				GCC_PREFIX_HEADER = "BTDemo/BTDemo-Prefix.pch";
				INFOPLIST_FILE = "BTDemoTests/BTDemoTests-Info.plist";
				PRODUCT_BUNDLE_IDENTIFIER = "com.acs.${PRODUCT_NAME:rfc1034identifier}";
				PRODUCT_NAME = "$(TARGET_NAME)";
				TEST_HOST = "$(BUNDLE_LOADER)";
				WRAPPER_EXTENSION = xctest;
			};
			name = Release;
		};
/* End XCBuildConfiguration section */

/* Begin XCConfigurationList section */
		56EF7156196BC7410026CFD7 /* Build configuration list for PBXProject "BTDemo" */ = {
			isa = XCConfigurationList;
			buildConfigurations = (
				56EF718A196BC7410026CFD7 /* Debug */,
				56EF718B196BC7410026CFD7 /* Release */,
			);
			defaultConfigurationIsVisible = 0;
			defaultConfigurationName = Release;
		};
		56EF718C196BC7410026CFD7 /* Build configuration list for PBXNativeTarget "BTDemo" */ = {
			isa = XCConfigurationList;
			buildConfigurations = (
				56EF718D196BC7410026CFD7 /* Debug */,
				56EF718E196BC7410026CFD7 /* Release */,
			);
			defaultConfigurationIsVisible = 0;
			defaultConfigurationName = Release;
		};
		56EF718F196BC7410026CFD7 /* Build configuration list for PBXNativeTarget "BTDemoTests" */ = {
			isa = XCConfigurationList;
			buildConfigurations = (
				56EF7190196BC7410026CFD7 /* Debug */,
				56EF7191196BC7410026CFD7 /* Release */,
			);
			defaultConfigurationIsVisible = 0;
			defaultConfigurationName = Release;
		};
/* End XCConfigurationList section */
	};
	rootObject = 56EF7153196BC7410026CFD7 /* Project object */;
}
