// !$*UTF8*$!
{
	archiveVersion = 1;
	classes = {
	};
	objectVersion = 46;
	objects = {

/* Begin PBXBuildFile section */
		1D3623260D0F684500981E51 /* call_libAppDelegate.m in Sources */ = {isa = PBXBuildFile; fileRef = 1D3623250D0F684500981E51 /* call_libAppDelegate.m */; };
		1D60589F0D05DD5A006BFB54 /* Foundation.framework in Frameworks */ = {isa = PBXBuildFile; fileRef = 1D30AB110D05D00D00671497 /* Foundation.framework */; };
		1DF5F4E00D08C38300B7A737 /* UIKit.framework in Frameworks */ = {isa = PBXBuildFile; fileRef = 1DF5F4DF0D08C38300B7A737 /* UIKit.framework */; };
		1EEEC6BD1457E62D00E72079 /* disopWindow.xib in Resources */ = {isa = PBXBuildFile; fileRef = 1EEEC6B71457E62D00E72079 /* disopWindow.xib */; };
		1EEEC6BF1457E62D00E72079 /* MainWindow.xib in Resources */ = {isa = PBXBuildFile; fileRef = 1EEEC6B91457E62D00E72079 /* MainWindow.xib */; };
		288765FD0DF74451002DB57D /* CoreGraphics.framework in Frameworks */ = {isa = PBXBuildFile; fileRef = 288765FC0DF74451002DB57D /* CoreGraphics.framework */; };
		33CCEF761B5E5D2C0044D00C /* CoreBluetooth.framework in Frameworks */ = {isa = PBXBuildFile; fileRef = 33CCEF751B5E5D2C0044D00C /* CoreBluetooth.framework */; };
		33DA28461BE0B38100FD8A44 /* bR301C_lib.a in Frameworks */ = {isa = PBXBuildFile; fileRef = 33DA28451BE0B38100FD8A44 /* bR301C_lib.a */; };
		50479B2D147CDEF400259322 /* DROPLIST_OFF.png in Resources */ = {isa = PBXBuildFile; fileRef = 50479B20147CDEF400259322 /* DROPLIST_OFF.png */; };
		50479B2E147CDEF400259322 /* DROPLIST_ON.png in Resources */ = {isa = PBXBuildFile; fileRef = 50479B21147CDEF400259322 /* DROPLIST_ON.png */; };
		50479B2F147CDEF400259322 /* ICON-Small-50.png in Resources */ = {isa = PBXBuildFile; fileRef = 50479B22147CDEF400259322 /* ICON-Small-50.png */; };
		50479B30147CDEF400259322 /* ICON.png in Resources */ = {isa = PBXBuildFile; fileRef = 50479B23147CDEF400259322 /* ICON.png */; };
		50479B33147CDEF400259322 /* OFF.png in Resources */ = {isa = PBXBuildFile; fileRef = 50479B26147CDEF400259322 /* OFF.png */; };
		50479B34147CDEF400259322 /* ON.png in Resources */ = {isa = PBXBuildFile; fileRef = 50479B27147CDEF400259322 /* ON.png */; };
		50479B37147CDEF400259322 /* OP_BG.png in Resources */ = {isa = PBXBuildFile; fileRef = 50479B2A147CDEF400259322 /* OP_BG.png */; };
		50479B38147CDEF400259322 /* SEND_OFF.png in Resources */ = {isa = PBXBuildFile; fileRef = 50479B2B147CDEF400259322 /* SEND_OFF.png */; };
		50479B39147CDEF400259322 /* SEND_ON.png in Resources */ = {isa = PBXBuildFile; fileRef = 50479B2C147CDEF400259322 /* SEND_ON.png */; };
		5099F11315FD77E0004C7CCB /* no_token_product_cn.png in Resources */ = {isa = PBXBuildFile; fileRef = 5099F10F15FD77E0004C7CCB /* no_token_product_cn.png */; };
		5099F11415FD77E0004C7CCB /* no_token_product_en.png in Resources */ = {isa = PBXBuildFile; fileRef = 5099F11015FD77E0004C7CCB /* no_token_product_en.png */; };
		5099F11515FD77E0004C7CCB /* op_bg_cn.png in Resources */ = {isa = PBXBuildFile; fileRef = 5099F11115FD77E0004C7CCB /* op_bg_cn.png */; };
		5099F11615FD77E0004C7CCB /* op_bg_en.png in Resources */ = {isa = PBXBuildFile; fileRef = 5099F11215FD77E0004C7CCB /* op_bg_en.png */; };
		50BAB71B157CB791000B037C /* main.m in Sources */ = {isa = PBXBuildFile; fileRef = 50BAB718157CB791000B037C /* main.m */; };
		5238A36813A5B75B00C88B01 /* disopWindow.m in Sources */ = {isa = PBXBuildFile; fileRef = 5238A36613A5B75B00C88B01 /* disopWindow.m */; };
		52B526A213A7311D001E2263 /* ExternalAccessory.framework in Frameworks */ = {isa = PBXBuildFile; fileRef = 52B526A113A7311D001E2263 /* ExternalAccessory.framework */; };
		D32D321A192CAE520087CFCE /* OK.png in Resources */ = {isa = PBXBuildFile; fileRef = D32D3219192CAE520087CFCE /* OK.png */; };
		D33063A619346C2E001C247E /* op_bg_detail_en.png in Resources */ = {isa = PBXBuildFile; fileRef = D33063A519346C2E001C247E /* op_bg_detail_en.png */; };
		D351482F19767AA90021BFB1 /* Localizable.strings in Resources */ = {isa = PBXBuildFile; fileRef = D351483119767AA90021BFB1 /* Localizable.strings */; };
/* End PBXBuildFile section */

/* Begin PBXFileReference section */
		1D30AB110D05D00D00671497 /* Foundation.framework */ = {isa = PBXFileReference; lastKnownFileType = wrapper.framework; name = Foundation.framework; path = System/Library/Frameworks/Foundation.framework; sourceTree = SDKROOT; };
		1D3623250D0F684500981E51 /* call_libAppDelegate.m */ = {isa = PBXFileReference; fileEncoding = 4; lastKnownFileType = sourcecode.c.objc; path = call_libAppDelegate.m; sourceTree = "<group>"; };
		1D6058910D05DD3D006BFB54 /* bR301CDemo.app */ = {isa = PBXFileReference; explicitFileType = wrapper.application; includeInIndex = 0; path = bR301CDemo.app; sourceTree = BUILT_PRODUCTS_DIR; };
		1DF5F4DF0D08C38300B7A737 /* UIKit.framework */ = {isa = PBXFileReference; lastKnownFileType = wrapper.framework; name = UIKit.framework; path = System/Library/Frameworks/UIKit.framework; sourceTree = SDKROOT; };
		1EEEC6B71457E62D00E72079 /* disopWindow.xib */ = {isa = PBXFileReference; fileEncoding = 4; lastKnownFileType = file.xib; name = disopWindow.xib; path = Resource/disopWindow.xib; sourceTree = "<group>"; };
		1EEEC6B91457E62D00E72079 /* MainWindow.xib */ = {isa = PBXFileReference; fileEncoding = 4; lastKnownFileType = file.xib; name = MainWindow.xib; path = Resource/MainWindow.xib; sourceTree = "<group>"; };
		288765FC0DF74451002DB57D /* CoreGraphics.framework */ = {isa = PBXFileReference; lastKnownFileType = wrapper.framework; name = CoreGraphics.framework; path = System/Library/Frameworks/CoreGraphics.framework; sourceTree = SDKROOT; };
		33899AD3174096570003307A /* call_libAppDelegate.h */ = {isa = PBXFileReference; fileEncoding = 4; lastKnownFileType = sourcecode.c.h; path = call_libAppDelegate.h; sourceTree = "<group>"; };
		33899AD5174096960003307A /* disopWindow.h */ = {isa = PBXFileReference; fileEncoding = 4; lastKnownFileType = sourcecode.c.h; path = disopWindow.h; sourceTree = "<group>"; };
		33CCEF751B5E5D2C0044D00C /* CoreBluetooth.framework */ = {isa = PBXFileReference; lastKnownFileType = wrapper.framework; name = CoreBluetooth.framework; path = System/Library/Frameworks/CoreBluetooth.framework; sourceTree = SDKROOT; };
		33DA28401BE0B38100FD8A44 /* ft301u.h */ = {isa = PBXFileReference; fileEncoding = 4; lastKnownFileType = sourcecode.c.h; path = ft301u.h; sourceTree = "<group>"; };
		33DA28411BE0B38100FD8A44 /* ReaderInterface.h */ = {isa = PBXFileReference; fileEncoding = 4; lastKnownFileType = sourcecode.c.h; path = ReaderInterface.h; sourceTree = "<group>"; };
		33DA28421BE0B38100FD8A44 /* winscard.h */ = {isa = PBXFileReference; fileEncoding = 4; lastKnownFileType = sourcecode.c.h; path = winscard.h; sourceTree = "<group>"; };
		33DA28431BE0B38100FD8A44 /* wintypes.h */ = {isa = PBXFileReference; fileEncoding = 4; lastKnownFileType = sourcecode.c.h; path = wintypes.h; sourceTree = "<group>"; };
		33DA28451BE0B38100FD8A44 /* bR301C_lib.a */ = {isa = PBXFileReference; lastKnownFileType = archive.ar; path = bR301C_lib.a; sourceTree = "<group>"; };
		50479B20147CDEF400259322 /* DROPLIST_OFF.png */ = {isa = PBXFileReference; lastKnownFileType = image.png; name = DROPLIST_OFF.png; path = Resource/pic/DROPLIST_OFF.png; sourceTree = "<group>"; };
		50479B21147CDEF400259322 /* DROPLIST_ON.png */ = {isa = PBXFileReference; lastKnownFileType = image.png; name = DROPLIST_ON.png; path = Resource/pic/DROPLIST_ON.png; sourceTree = "<group>"; };
		50479B22147CDEF400259322 /* ICON-Small-50.png */ = {isa = PBXFileReference; lastKnownFileType = image.png; name = "ICON-Small-50.png"; path = "Resource/pic/ICON-Small-50.png"; sourceTree = "<group>"; };
		50479B23147CDEF400259322 /* ICON.png */ = {isa = PBXFileReference; lastKnownFileType = image.png; name = ICON.png; path = Resource/pic/ICON.png; sourceTree = "<group>"; };
		50479B26147CDEF400259322 /* OFF.png */ = {isa = PBXFileReference; lastKnownFileType = image.png; name = OFF.png; path = Resource/pic/OFF.png; sourceTree = "<group>"; };
		50479B27147CDEF400259322 /* ON.png */ = {isa = PBXFileReference; lastKnownFileType = image.png; name = ON.png; path = Resource/pic/ON.png; sourceTree = "<group>"; };
		50479B2A147CDEF400259322 /* OP_BG.png */ = {isa = PBXFileReference; lastKnownFileType = image.png; name = OP_BG.png; path = Resource/pic/OP_BG.png; sourceTree = "<group>"; };
		50479B2B147CDEF400259322 /* SEND_OFF.png */ = {isa = PBXFileReference; lastKnownFileType = image.png; name = SEND_OFF.png; path = Resource/pic/SEND_OFF.png; sourceTree = "<group>"; };
		50479B2C147CDEF400259322 /* SEND_ON.png */ = {isa = PBXFileReference; lastKnownFileType = image.png; name = SEND_ON.png; path = Resource/pic/SEND_ON.png; sourceTree = "<group>"; };
		5099F10F15FD77E0004C7CCB /* no_token_product_cn.png */ = {isa = PBXFileReference; lastKnownFileType = image.png; path = no_token_product_cn.png; sourceTree = "<group>"; };
		5099F11015FD77E0004C7CCB /* no_token_product_en.png */ = {isa = PBXFileReference; lastKnownFileType = image.png; path = no_token_product_en.png; sourceTree = "<group>"; };
		5099F11115FD77E0004C7CCB /* op_bg_cn.png */ = {isa = PBXFileReference; lastKnownFileType = image.png; path = op_bg_cn.png; sourceTree = "<group>"; };
		5099F11215FD77E0004C7CCB /* op_bg_en.png */ = {isa = PBXFileReference; lastKnownFileType = image.png; path = op_bg_en.png; sourceTree = "<group>"; };
		50BAB718157CB791000B037C /* main.m */ = {isa = PBXFileReference; fileEncoding = 4; lastKnownFileType = sourcecode.c.objc; name = main.m; path = Resource/main.m; sourceTree = "<group>"; };
		50BAB725157CB8A4000B037C /* bR301CDemo_Prefix.pch */ = {isa = PBXFileReference; fileEncoding = 4; lastKnownFileType = sourcecode.c.h; path = bR301CDemo_Prefix.pch; sourceTree = "<group>"; };
		5238A36613A5B75B00C88B01 /* disopWindow.m */ = {isa = PBXFileReference; fileEncoding = 4; lastKnownFileType = sourcecode.c.objc; path = disopWindow.m; sourceTree = "<group>"; };
		52B526A113A7311D001E2263 /* ExternalAccessory.framework */ = {isa = PBXFileReference; lastKnownFileType = wrapper.framework; name = ExternalAccessory.framework; path = System/Library/Frameworks/ExternalAccessory.framework; sourceTree = SDKROOT; };
		D32D3219192CAE520087CFCE /* OK.png */ = {isa = PBXFileReference; lastKnownFileType = image.png; name = OK.png; path = Resource/pic/OK.png; sourceTree = "<group>"; };
		D33063A519346C2E001C247E /* op_bg_detail_en.png */ = {isa = PBXFileReference; lastKnownFileType = image.png; name = op_bg_detail_en.png; path = Resource/pic/op_bg_detail_en.png; sourceTree = "<group>"; };
		D351483019767AA90021BFB1 /* en */ = {isa = PBXFileReference; lastKnownFileType = text.plist.strings; name = en; path = en.lproj/Localizable.strings; sourceTree = "<group>"; };
		D351483219767AF40021BFB1 /* zh-Hans */ = {isa = PBXFileReference; lastKnownFileType = text.plist.strings; name = "zh-Hans"; path = "zh-Hans.lproj/Localizable.strings"; sourceTree = "<group>"; };
/* End PBXFileReference section */

/* Begin PBXFrameworksBuildPhase section */
		1D60588F0D05DD3D006BFB54 /* Frameworks */ = {
			isa = PBXFrameworksBuildPhase;
			buildActionMask = 2147483647;
			files = (
				33CCEF761B5E5D2C0044D00C /* CoreBluetooth.framework in Frameworks */,
				1D60589F0D05DD5A006BFB54 /* Foundation.framework in Frameworks */,
				33DA28461BE0B38100FD8A44 /* bR301C_lib.a in Frameworks */,
				1DF5F4E00D08C38300B7A737 /* UIKit.framework in Frameworks */,
				288765FD0DF74451002DB57D /* CoreGraphics.framework in Frameworks */,
				52B526A213A7311D001E2263 /* ExternalAccessory.framework in Frameworks */,
			);
			runOnlyForDeploymentPostprocessing = 0;
		};
/* End PBXFrameworksBuildPhase section */

/* Begin PBXGroup section */
		080E96DDFE201D6D7F000001 /* Classes */ = {
			isa = PBXGroup;
			children = (
				5238A36613A5B75B00C88B01 /* disopWindow.m */,
				33899AD5174096960003307A /* disopWindow.h */,
				33899AD3174096570003307A /* call_libAppDelegate.h */,
				1D3623250D0F684500981E51 /* call_libAppDelegate.m */,
			);
			path = Classes;
			sourceTree = "<group>";
		};
		19C28FACFE9D520D11CA2CBB /* Products */ = {
			isa = PBXGroup;
			children = (
				1D6058910D05DD3D006BFB54 /* bR301CDemo.app */,
			);
			name = Products;
			sourceTree = "<group>";
		};
		1E0557CF1457E29900D9CAE7 /* Resource */ = {
			isa = PBXGroup;
			children = (
				50F512641466A7F800E7A1A8 /* png */,
				1EEEC6B71457E62D00E72079 /* disopWindow.xib */,
				1EEEC6B91457E62D00E72079 /* MainWindow.xib */,
				D351483119767AA90021BFB1 /* Localizable.strings */,
			);
			name = Resource;
			sourceTree = "<group>";
		};
		29B97314FDCFA39411CA2CEA /* CustomTemplate */ = {
			isa = PBXGroup;
			children = (
				33DA283E1BE0B38100FD8A44 /* SDK */,
				080E96DDFE201D6D7F000001 /* Classes */,
				29B97315FDCFA39411CA2CEA /* Other Sources */,
				1E0557CF1457E29900D9CAE7 /* Resource */,
				29B97323FDCFA39411CA2CEA /* Frameworks */,
				19C28FACFE9D520D11CA2CBB /* Products */,
			);
			name = CustomTemplate;
			sourceTree = "<group>";
		};
		29B97315FDCFA39411CA2CEA /* Other Sources */ = {
			isa = PBXGroup;
			children = (
				50BAB725157CB8A4000B037C /* bR301CDemo_Prefix.pch */,
				50BAB718157CB791000B037C /* main.m */,
			);
			name = "Other Sources";
			sourceTree = "<group>";
		};
		29B97323FDCFA39411CA2CEA /* Frameworks */ = {
			isa = PBXGroup;
			children = (
				33CCEF751B5E5D2C0044D00C /* CoreBluetooth.framework */,
				1DF5F4DF0D08C38300B7A737 /* UIKit.framework */,
				1D30AB110D05D00D00671497 /* Foundation.framework */,
				288765FC0DF74451002DB57D /* CoreGraphics.framework */,
				52B526A113A7311D001E2263 /* ExternalAccessory.framework */,
			);
			name = Frameworks;
			sourceTree = "<group>";
		};
		33DA283E1BE0B38100FD8A44 /* SDK */ = {
			isa = PBXGroup;
			children = (
				33DA283F1BE0B38100FD8A44 /* include */,
				33DA28441BE0B38100FD8A44 /* lib */,
			);
			name = SDK;
			path = ../SDK;
			sourceTree = "<group>";
		};
		33DA283F1BE0B38100FD8A44 /* include */ = {
			isa = PBXGroup;
			children = (
				33DA28401BE0B38100FD8A44 /* ft301u.h */,
				33DA28411BE0B38100FD8A44 /* ReaderInterface.h */,
				33DA28421BE0B38100FD8A44 /* winscard.h */,
				33DA28431BE0B38100FD8A44 /* wintypes.h */,
			);
			path = include;
			sourceTree = "<group>";
		};
		33DA28441BE0B38100FD8A44 /* lib */ = {
			isa = PBXGroup;
			children = (
				33DA28451BE0B38100FD8A44 /* bR301C_lib.a */,
			);
			path = lib;
			sourceTree = "<group>";
		};
		50F512641466A7F800E7A1A8 /* png */ = {
			isa = PBXGroup;
			children = (
				D33063A519346C2E001C247E /* op_bg_detail_en.png */,
				D32D3219192CAE520087CFCE /* OK.png */,
				5099F10F15FD77E0004C7CCB /* no_token_product_cn.png */,
				5099F11015FD77E0004C7CCB /* no_token_product_en.png */,
				5099F11115FD77E0004C7CCB /* op_bg_cn.png */,
				5099F11215FD77E0004C7CCB /* op_bg_en.png */,
				50479B20147CDEF400259322 /* DROPLIST_OFF.png */,
				50479B21147CDEF400259322 /* DROPLIST_ON.png */,
				50479B22147CDEF400259322 /* ICON-Small-50.png */,
				50479B23147CDEF400259322 /* ICON.png */,
				50479B26147CDEF400259322 /* OFF.png */,
				50479B27147CDEF400259322 /* ON.png */,
				50479B2A147CDEF400259322 /* OP_BG.png */,
				50479B2B147CDEF400259322 /* SEND_OFF.png */,
				50479B2C147CDEF400259322 /* SEND_ON.png */,
			);
			name = png;
			sourceTree = "<group>";
		};
/* End PBXGroup section */

/* Begin PBXNativeTarget section */
		1D6058900D05DD3D006BFB54 /* bR301CDemo */ = {
			isa = PBXNativeTarget;
			buildConfigurationList = 1D6058960D05DD3E006BFB54 /* Build configuration list for PBXNativeTarget "bR301CDemo" */;
			buildPhases = (
				1D60588D0D05DD3D006BFB54 /* Resources */,
				1D60588E0D05DD3D006BFB54 /* Sources */,
				1D60588F0D05DD3D006BFB54 /* Frameworks */,
			);
			buildRules = (
			);
			dependencies = (
			);
			name = bR301CDemo;
			productName = call_lib;
			productReference = 1D6058910D05DD3D006BFB54 /* bR301CDemo.app */;
			productType = "com.apple.product-type.application";
		};
/* End PBXNativeTarget section */

/* Begin PBXProject section */
		29B97313FDCFA39411CA2CEA /* Project object */ = {
			isa = PBXProject;
			attributes = {
				LastUpgradeCheck = 0420;
				TargetAttributes = {
					1D6058900D05DD3D006BFB54 = {
						DevelopmentTeam = Q338UYGFZ8;
					};
				};
			};
			buildConfigurationList = C01FCF4E08A954540054247B /* Build configuration list for PBXProject "bR301CDemo" */;
			compatibilityVersion = "Xcode 3.2";
			developmentRegion = English;
			hasScannedForEncodings = 1;
			knownRegions = (
				English,
				Japanese,
				French,
				German,
				ch,
				en,
				"zh-Hans",
			);
			mainGroup = 29B97314FDCFA39411CA2CEA /* CustomTemplate */;
			projectDirPath = "";
			projectRoot = "";
			targets = (
				1D6058900D05DD3D006BFB54 /* bR301CDemo */,
			);
		};
/* End PBXProject section */

/* Begin PBXResourcesBuildPhase section */
		1D60588D0D05DD3D006BFB54 /* Resources */ = {
			isa = PBXResourcesBuildPhase;
			buildActionMask = 2147483647;
			files = (
				D32D321A192CAE520087CFCE /* OK.png in Resources */,
				1EEEC6BD1457E62D00E72079 /* disopWindow.xib in Resources */,
				1EEEC6BF1457E62D00E72079 /* MainWindow.xib in Resources */,
				50479B2D147CDEF400259322 /* DROPLIST_OFF.png in Resources */,
				50479B2E147CDEF400259322 /* DROPLIST_ON.png in Resources */,
				50479B2F147CDEF400259322 /* ICON-Small-50.png in Resources */,
				50479B30147CDEF400259322 /* ICON.png in Resources */,
				50479B33147CDEF400259322 /* OFF.png in Resources */,
				50479B34147CDEF400259322 /* ON.png in Resources */,
				50479B37147CDEF400259322 /* OP_BG.png in Resources */,
				D351482F19767AA90021BFB1 /* Localizable.strings in Resources */,
				50479B38147CDEF400259322 /* SEND_OFF.png in Resources */,
				50479B39147CDEF400259322 /* SEND_ON.png in Resources */,
				D33063A619346C2E001C247E /* op_bg_detail_en.png in Resources */,
				5099F11315FD77E0004C7CCB /* no_token_product_cn.png in Resources */,
				5099F11415FD77E0004C7CCB /* no_token_product_en.png in Resources */,
				5099F11515FD77E0004C7CCB /* op_bg_cn.png in Resources */,
				5099F11615FD77E0004C7CCB /* op_bg_en.png in Resources */,
			);
			runOnlyForDeploymentPostprocessing = 0;
		};
/* End PBXResourcesBuildPhase section */

/* Begin PBXSourcesBuildPhase section */
		1D60588E0D05DD3D006BFB54 /* Sources */ = {
			isa = PBXSourcesBuildPhase;
			buildActionMask = 2147483647;
			files = (
				1D3623260D0F684500981E51 /* call_libAppDelegate.m in Sources */,
				5238A36813A5B75B00C88B01 /* disopWindow.m in Sources */,
				50BAB71B157CB791000B037C /* main.m in Sources */,
			);
			runOnlyForDeploymentPostprocessing = 0;
		};
/* End PBXSourcesBuildPhase section */

/* Begin PBXVariantGroup section */
		D351483119767AA90021BFB1 /* Localizable.strings */ = {
			isa = PBXVariantGroup;
			children = (
				D351483019767AA90021BFB1 /* en */,
				D351483219767AF40021BFB1 /* zh-Hans */,
			);
			name = Localizable.strings;
			sourceTree = "<group>";
		};
/* End PBXVariantGroup section */

/* Begin XCBuildConfiguration section */
		1D6058940D05DD3E006BFB54 /* Debug */ = {
			isa = XCBuildConfiguration;
			buildSettings = {
				ALWAYS_SEARCH_USER_PATHS = NO;
				ARCHS = "$(ARCHS_STANDARD)";
				CLANG_ENABLE_OBJC_ARC = YES;
				CODE_SIGN_IDENTITY = "iPhone Developer: Richard Grundy (87Q5372TB5)";
				"CODE_SIGN_IDENTITY[sdk=iphoneos*]" = "iPhone Developer";
				COPY_PHASE_STRIP = NO;
				ENABLE_BITCODE = NO;
				GCC_DYNAMIC_NO_PIC = NO;
				GCC_OPTIMIZATION_LEVEL = 0;
				GCC_PRECOMPILE_PREFIX_HEADER = YES;
				GCC_PREFIX_HEADER = bR301CDemo_Prefix.pch;
				GCC_VERSION = com.apple.compilers.llvm.clang.1_0;
				INFOPLIST_FILE = Info.plist;
				IPHONEOS_DEPLOYMENT_TARGET = 8.0;
				LIBRARY_SEARCH_PATHS = (
					"/Users/shanshan/Desktop/BLE4.0/iR301U-ST/libs/SDK/lib",
					"/Users/shanshan/Desktop/BLE4.0/iR301U-ST-new/libs/SDK/lib",
					"/Users/shanshan/Desktop/SVN/Ble4.0-bR301C/IOS/libs/SDK/lib",
					"/Users/shanshan/Downloads/BLE4.0-Reader-V2.0.1/SDK/lib",
				);
				PRODUCT_NAME = bR301CDemo;
				PROVISIONING_PROFILE = "7aeb1380-3a91-4e8c-b1ab-4563cc165abb";
				"PROVISIONING_PROFILE[sdk=iphoneos*]" = "7aeb1380-3a91-4e8c-b1ab-4563cc165abb";
				SDKROOT = iphoneos;
				TARGETED_DEVICE_FAMILY = 1;
				VALID_ARCHS = "armv7 armv7s arm64";
			};
			name = Debug;
		};
		1D6058950D05DD3E006BFB54 /* Release */ = {
			isa = XCBuildConfiguration;
			buildSettings = {
				ALWAYS_SEARCH_USER_PATHS = NO;
				ARCHS = "$(ARCHS_STANDARD)";
				CLANG_ENABLE_OBJC_ARC = YES;
				CODE_SIGN_IDENTITY = "iPhone Developer: Richard Grundy (87Q5372TB5)";
				"CODE_SIGN_IDENTITY[sdk=iphoneos*]" = "iPhone Developer";
				COPY_PHASE_STRIP = YES;
				ENABLE_BITCODE = NO;
				GCC_PRECOMPILE_PREFIX_HEADER = YES;
				GCC_PREFIX_HEADER = bR301CDemo_Prefix.pch;
				GCC_VERSION = com.apple.compilers.llvm.clang.1_0;
				INFOPLIST_FILE = Info.plist;
				IPHONEOS_DEPLOYMENT_TARGET = 8.0;
				LIBRARY_SEARCH_PATHS = (
					"/Users/shanshan/Desktop/BLE4.0/iR301U-ST/libs/SDK/lib",
					"/Users/shanshan/Desktop/BLE4.0/iR301U-ST-new/libs/SDK/lib",
					"/Users/shanshan/Desktop/SVN/Ble4.0-bR301C/IOS/libs/SDK/lib",
					"/Users/shanshan/Downloads/BLE4.0-Reader-V2.0.1/SDK/lib",
				);
				PRODUCT_NAME = bR301CDemo;
				PROVISIONING_PROFILE = "7aeb1380-3a91-4e8c-b1ab-4563cc165abb";
				"PROVISIONING_PROFILE[sdk=iphoneos*]" = "7aeb1380-3a91-4e8c-b1ab-4563cc165abb";
				SDKROOT = iphoneos;
				TARGETED_DEVICE_FAMILY = 1;
				VALIDATE_PRODUCT = YES;
				VALID_ARCHS = "armv7 armv7s arm64";
			};
			name = Release;
		};
		C01FCF4F08A954540054247B /* Debug */ = {
			isa = XCBuildConfiguration;
			buildSettings = {
				ARCHS = "$(ARCHS_STANDARD)";
				CODE_SIGN_IDENTITY = "iPhone Distribution: Feitian Technologies Co., Ltd.";
				"CODE_SIGN_IDENTITY[sdk=iphoneos*]" = "iPhone Distribution: Feitian Technologies Co., Ltd.";
				GCC_C_LANGUAGE_STANDARD = c99;
				GCC_VERSION = com.apple.compilers.llvmgcc42;
				GCC_WARN_ABOUT_RETURN_TYPE = YES;
				GCC_WARN_UNUSED_VARIABLE = YES;
				IPHONEOS_DEPLOYMENT_TARGET = 8.0;
				LIBRARY_SEARCH_PATHS = "";
				PRODUCT_NAME = bR301CDemo;
				PROVISIONING_PROFILE = "ab871890-4233-46d7-9c11-0bd80c710fd7";
				"PROVISIONING_PROFILE[sdk=iphoneos*]" = "ab871890-4233-46d7-9c11-0bd80c710fd7";
				SDKROOT = iphoneos7.0;
				VALID_ARCHS = "armv7 armv7s arm64";
			};
			name = Debug;
		};
		C01FCF5008A954540054247B /* Release */ = {
			isa = XCBuildConfiguration;
			buildSettings = {
				ARCHS = "$(ARCHS_STANDARD)";
				CODE_SIGN_IDENTITY = "iPhone Distribution: Feitian Technologies Co., Ltd.";
				"CODE_SIGN_IDENTITY[sdk=iphoneos*]" = "iPhone Distribution: Feitian Technologies Co., Ltd.";
				GCC_C_LANGUAGE_STANDARD = c99;
				GCC_VERSION = com.apple.compilers.llvmgcc42;
				GCC_WARN_ABOUT_RETURN_TYPE = YES;
				GCC_WARN_UNUSED_VARIABLE = YES;
				IPHONEOS_DEPLOYMENT_TARGET = 8.0;
				LIBRARY_SEARCH_PATHS = "";
				OTHER_CFLAGS = "-DNS_BLOCK_ASSERTIONS=1";
				PRODUCT_NAME = bR301CDemo;
				PROVISIONING_PROFILE = "ab871890-4233-46d7-9c11-0bd80c710fd7";
				"PROVISIONING_PROFILE[sdk=iphoneos*]" = "ab871890-4233-46d7-9c11-0bd80c710fd7";
				SDKROOT = iphoneos7.0;
				VALID_ARCHS = "armv7 armv7s arm64";
			};
			name = Release;
		};
/* End XCBuildConfiguration section */

/* Begin XCConfigurationList section */
		1D6058960D05DD3E006BFB54 /* Build configuration list for PBXNativeTarget "bR301CDemo" */ = {
			isa = XCConfigurationList;
			buildConfigurations = (
				1D6058940D05DD3E006BFB54 /* Debug */,
				1D6058950D05DD3E006BFB54 /* Release */,
			);
			defaultConfigurationIsVisible = 0;
			defaultConfigurationName = Release;
		};
		C01FCF4E08A954540054247B /* Build configuration list for PBXProject "bR301CDemo" */ = {
			isa = XCConfigurationList;
			buildConfigurations = (
				C01FCF4F08A954540054247B /* Debug */,
				C01FCF5008A954540054247B /* Release */,
			);
			defaultConfigurationIsVisible = 0;
			defaultConfigurationName = Release;
		};
/* End XCConfigurationList section */
	};
	rootObject = 29B97313FDCFA39411CA2CEA /* Project object */;
}
